PODS:
  - HWPanModal (0.8.9)
  - linkus-vivo (1.0.2):
    - OpenSSL-Universal (~> 1.0.2.20)
  - linkus-vivo-MacOS (1.0.1):
    - OpenSSL-Universal (~> 1.0.2.20)
  - Masonry (1.1.0)
  - OpenSSL-Universal (1.0.2.20):
    - OpenSSL-Universal/Static (= 1.0.2.20)
  - OpenSSL-Universal/Static (1.0.2.20)
  - ReactiveObjC (3.1.1)
  - SVProgressHUD (2.2.5)
  - Toast (4.0.0)
  - YYCategories (1.0.4):
    - YYCategories/no-arc (= 1.0.4)
  - YYCategories/no-arc (1.0.4)

DEPENDENCIES:
  - HWPanModal (~> 0.8.9)
  - linkus-vivo (~> 1.0.2)
  - linkus-vivo-MacOS (~> 1.0.1)
  - Masonry (~> 1.1.0)
  - ReactiveObjC (~> 3.1.1)
  - SVProgressHUD (~> 2.2.5)
  - Toast (~> 4.0.0)
  - YYCategories (~> 1.0.4)

SPEC REPOS:
  trunk:
    - HWPanModal
    - linkus-vivo
    - linkus-vivo-MacOS
    - Masonry
    - OpenSSL-Universal
    - ReactiveObjC
    - SVProgressHUD
    - Toast
    - YYCategories

SPEC CHECKSUMS:
  HWPanModal: 259f6916c706b3f63003a325ad1bdfbe913b0fdc
  linkus-vivo: 4a9d30f31d2fec464b3178915c59d32a37abf795
  linkus-vivo-MacOS: bac57b8e86a0805c9ea8014053b2cbb57b2ef202
  Masonry: 678fab65091a9290e40e2832a55e7ab731aad201
  OpenSSL-Universal: ff34003318d5e1163e9529b08470708e389ffcdd
  ReactiveObjC: 011caa393aa0383245f2dcf9bf02e86b80b36040
  SVProgressHUD: 1428aafac632c1f86f62aa4243ec12008d7a51d6
  Toast: 91b396c56ee72a5790816f40d3a94dd357abc196
  YYCategories: 6bcd4314c6661a561410dce4a793379ebd306abd

PODFILE CHECKSUM: bfdb8c17835c9c1932ff4a41acd976f72bf72d6a

COCOAPODS: 1.11.3
