PODS:
  - HWPanModal (0.8.9)
  - linkus-vivo (1.0.7)
  - linkus-vivo-MacOS (1.0.8)
  - Masonry (1.1.0)
  - ReactiveObjC (3.1.1)
  - SVProgressHUD (2.2.5)
  - Toast (4.0.0)
  - YYCategories (1.0.4):
    - YYCategories/no-arc (= 1.0.4)
  - YYCategories/no-arc (1.0.4)

DEPENDENCIES:
  - HWPanModal (~> 0.8.9)
  - linkus-vivo (~> 1.0.7)
  - linkus-vivo-MacOS (~> 1.0.8)
  - Masonry (~> 1.1.0)
  - ReactiveObjC (~> 3.1.1)
  - SVProgressHUD (~> 2.2.5)
  - Toast (~> 4.0.0)
  - YYCategories (~> 1.0.4)

SPEC REPOS:
  trunk:
    - HWPanModal
    - linkus-vivo
    - linkus-vivo-MacOS
    - Masonry
    - ReactiveObjC
    - SVProgressHUD
    - Toast
    - YYCategories

SPEC CHECKSUMS:
  HWPanModal: 259f6916c706b3f63003a325ad1bdfbe913b0fdc
  linkus-vivo: 9fad8780e25d56d42483c76193eb615739b10852
  linkus-vivo-MacOS: 75ff1ba24e8a07b0a4085ff42ff8b0a58941c6d4
  Masonry: 678fab65091a9290e40e2832a55e7ab731aad201
  ReactiveObjC: 011caa393aa0383245f2dcf9bf02e86b80b36040
  SVProgressHUD: 1428aafac632c1f86f62aa4243ec12008d7a51d6
  Toast: 91b396c56ee72a5790816f40d3a94dd357abc196
  YYCategories: 6bcd4314c6661a561410dce4a793379ebd306abd

PODFILE CHECKSUM: 73fee280638930ca6295d3dfa97bfcf209a4e88a

COCOAPODS: 1.11.3
