// !$*UTF8*$!
{
	archiveVersion = 1;
	classes = {
	};
	objectVersion = 55;
	objects = {

/* Begin PBXBuildFile section */
		09E52C35BD828145EE22E620 /* libPods-LinkusDemo (macOS).a in Frameworks */ = {isa = PBXBuildFile; fileRef = AD72E61761B1A98137FC680E /* libPods-LinkusDemo (macOS).a */; };
		0C392DD729D56FB2006C8E6F /* LinkusDemoApp.swift in Sources */ = {isa = PBXBuildFile; fileRef = 0C392DC629D56FB0006C8E6F /* LinkusDemoApp.swift */; };
		0C392DD929D56FB2006C8E6F /* ContentView.swift in Sources */ = {isa = PBXBuildFile; fileRef = 0C392DC729D56FB0006C8E6F /* ContentView.swift */; };
		0C392DDA29D56FB2006C8E6F /* Assets.xcassets in Resources */ = {isa = PBXBuildFile; fileRef = 0C392DC829D56FB2006C8E6F /* Assets.xcassets */; };
		0C392DDB29D56FB2006C8E6F /* Assets.xcassets in Resources */ = {isa = PBXBuildFile; fileRef = 0C392DC829D56FB2006C8E6F /* Assets.xcassets */; };
		2BE5155D5E10355681017F16 /* libPods-LinkusDemo (iOS).a in Frameworks */ = {isa = PBXBuildFile; fileRef = E86F75538AFC44F7A7582A41 /* libPods-LinkusDemo (iOS).a */; };
		59029FF829D5838E00E41926 /* CalllogsViewController.m in Sources */ = {isa = PBXBuildFile; fileRef = 59029FC529D5838D00E41926 /* CalllogsViewController.m */; };
		59029FF929D5838E00E41926 /* DialpadViewCell.m in Sources */ = {isa = PBXBuildFile; fileRef = 59029FC829D5838D00E41926 /* DialpadViewCell.m */; };
		59029FFA29D5838E00E41926 /* DialpadCallView.m in Sources */ = {isa = PBXBuildFile; fileRef = 59029FCD29D5838D00E41926 /* DialpadCallView.m */; };
		59029FFB29D5838E00E41926 /* DialPadTextField.m in Sources */ = {isa = PBXBuildFile; fileRef = 59029FCE29D5838D00E41926 /* DialPadTextField.m */; };
		59029FFC29D5838E00E41926 /* DialpadView.m in Sources */ = {isa = PBXBuildFile; fileRef = 59029FCF29D5838D00E41926 /* DialpadView.m */; };
		59029FFD29D5838E00E41926 /* Contact.m in Sources */ = {isa = PBXBuildFile; fileRef = 59029FD229D5838D00E41926 /* Contact.m */; };
		59029FFE29D5838E00E41926 /* LoginViewController.m in Sources */ = {isa = PBXBuildFile; fileRef = 59029FD529D5838D00E41926 /* LoginViewController.m */; };
		59029FFF29D5838E00E41926 /* YLSUnderlineTextField.m in Sources */ = {isa = PBXBuildFile; fileRef = 59029FD629D5838D00E41926 /* YLSUnderlineTextField.m */; };
		5902A00029D5838E00E41926 /* AppDelegate.m in Sources */ = {isa = PBXBuildFile; fileRef = 59029FD929D5838D00E41926 /* AppDelegate.m */; };
		5902A00129D5838E00E41926 /* AudioRouteHandler.m in Sources */ = {isa = PBXBuildFile; fileRef = 59029FDC29D5838D00E41926 /* AudioRouteHandler.m */; };
		5902A00229D5838E00E41926 /* MenuPanModel.m in Sources */ = {isa = PBXBuildFile; fileRef = 59029FDD29D5838D00E41926 /* MenuPanModel.m */; };
		5902A00329D5838E00E41926 /* MenuPanView.m in Sources */ = {isa = PBXBuildFile; fileRef = 59029FE029D5838E00E41926 /* MenuPanView.m */; };
		5902A00429D5838E00E41926 /* PanHandler.m in Sources */ = {isa = PBXBuildFile; fileRef = 59029FE429D5838E00E41926 /* PanHandler.m */; };
		5902A00529D5838E00E41926 /* MenuPanViewCell.m in Sources */ = {isa = PBXBuildFile; fileRef = 59029FE529D5838E00E41926 /* MenuPanViewCell.m */; };
		5902A00629D5838E00E41926 /* CallWaitingView.m in Sources */ = {isa = PBXBuildFile; fileRef = 59029FE829D5838E00E41926 /* CallWaitingView.m */; };
		5902A00729D5838E00E41926 /* CallTransferView.m in Sources */ = {isa = PBXBuildFile; fileRef = 59029FEA29D5838E00E41926 /* CallTransferView.m */; };
		5902A00829D5838E00E41926 /* MarqueeView.m in Sources */ = {isa = PBXBuildFile; fileRef = 59029FEB29D5838E00E41926 /* MarqueeView.m */; };
		5902A00929D5838E00E41926 /* CallMemberView.m in Sources */ = {isa = PBXBuildFile; fileRef = 59029FEC29D5838E00E41926 /* CallMemberView.m */; };
		5902A00A29D5838E00E41926 /* DialKeypadViewCell.m in Sources */ = {isa = PBXBuildFile; fileRef = 59029FF429D5838E00E41926 /* DialKeypadViewCell.m */; };
		5902A00B29D5838E00E41926 /* DialKeypadView.m in Sources */ = {isa = PBXBuildFile; fileRef = 59029FF529D5838E00E41926 /* DialKeypadView.m */; };
		5902A00C29D5838E00E41926 /* CallProvider.m in Sources */ = {isa = PBXBuildFile; fileRef = 59029FF629D5838E00E41926 /* CallProvider.m */; };
		5902A00D29D5838E00E41926 /* CallViewController.m in Sources */ = {isa = PBXBuildFile; fileRef = 59029FF729D5838E00E41926 /* CallViewController.m */; };
		5902A00F29D5849E00E41926 /* UIKit.framework in Frameworks */ = {isa = PBXBuildFile; fileRef = 5902A00E29D5849E00E41926 /* UIKit.framework */; };
		5902A02C29D5887600E41926 /* UIImage+YLS.m in Sources */ = {isa = PBXBuildFile; fileRef = 5902A01529D5887600E41926 /* UIImage+YLS.m */; };
		5902A02D29D5887600E41926 /* UIView+Alert.m in Sources */ = {isa = PBXBuildFile; fileRef = 5902A01829D5887600E41926 /* UIView+Alert.m */; };
		5902A02E29D5887600E41926 /* UIDevice+YLS.m in Sources */ = {isa = PBXBuildFile; fileRef = 5902A01B29D5887600E41926 /* UIDevice+YLS.m */; };
		5902A02F29D5887600E41926 /* NSString+YLS.m in Sources */ = {isa = PBXBuildFile; fileRef = 5902A01D29D5887600E41926 /* NSString+YLS.m */; };
		5902A03029D5887600E41926 /* UIViewController+Hierarchy.m in Sources */ = {isa = PBXBuildFile; fileRef = 5902A02129D5887600E41926 /* UIViewController+Hierarchy.m */; };
		5902A03129D5887600E41926 /* UITextField+YLS.m in Sources */ = {isa = PBXBuildFile; fileRef = 5902A02429D5887600E41926 /* UITextField+YLS.m */; };
		5902A03229D5887600E41926 /* DefActionView.m in Sources */ = {isa = PBXBuildFile; fileRef = 5902A02729D5887600E41926 /* DefActionView.m */; };
		5902A03329D5887600E41926 /* NotifyView.m in Sources */ = {isa = PBXBuildFile; fileRef = 5902A02829D5887600E41926 /* NotifyView.m */; };
		5902A03429D5887600E41926 /* QualityView.m in Sources */ = {isa = PBXBuildFile; fileRef = 5902A02929D5887600E41926 /* QualityView.m */; };
		5902A03C29D58C7500E41926 /* Storyboard.storyboard in Resources */ = {isa = PBXBuildFile; fileRef = 5902A03B29D58C7500E41926 /* Storyboard.storyboard */; };
		592B35842A529303009CD7AA /* TabBarController.m in Sources */ = {isa = PBXBuildFile; fileRef = 592B35832A529303009CD7AA /* TabBarController.m */; };
		592B35882A529C26009CD7AA /* ConferenceListController.m in Sources */ = {isa = PBXBuildFile; fileRef = 592B35872A529C26009CD7AA /* ConferenceListController.m */; };
		592B358B2A52B6EE009CD7AA /* ConferenceDetailsController.m in Sources */ = {isa = PBXBuildFile; fileRef = 592B358A2A52B6EE009CD7AA /* ConferenceDetailsController.m */; };
		592B358F2A52BABD009CD7AA /* ConfNameLabel.m in Sources */ = {isa = PBXBuildFile; fileRef = 592B358E2A52BABD009CD7AA /* ConfNameLabel.m */; };
		592B35922A52BB14009CD7AA /* ConfHeaderView.m in Sources */ = {isa = PBXBuildFile; fileRef = 592B35912A52BB14009CD7AA /* ConfHeaderView.m */; };
		592B35952A52BCF1009CD7AA /* ConfCollectionViewCell.m in Sources */ = {isa = PBXBuildFile; fileRef = 592B35942A52BCF1009CD7AA /* ConfCollectionViewCell.m */; };
		5937A8EB29D577550089B0A2 /* main.m in Sources */ = {isa = PBXBuildFile; fileRef = 5937A8EA29D577550089B0A2 /* main.m */; };
		59438CA329E52E9200B4DAA7 /* libcurl.tbd in Frameworks */ = {isa = PBXBuildFile; fileRef = 59438CA229E52E8500B4DAA7 /* libcurl.tbd */; };
		59438CA429E52ED200B4DAA7 /* libxml2.tbd in Frameworks */ = {isa = PBXBuildFile; fileRef = 5902AED529D6A8CF00E41926 /* libxml2.tbd */; };
		59438CF329E7D19700B4DAA7 /* LoginView.swift in Sources */ = {isa = PBXBuildFile; fileRef = 59438CF229E7D19700B4DAA7 /* LoginView.swift */; };
		5985CA6529EFD831003E9616 /* Hangup.wav in Resources */ = {isa = PBXBuildFile; fileRef = 5985CA6329EFD831003E9616 /* Hangup.wav */; };
		5985CA6629EFD831003E9616 /* Hangup.wav in Resources */ = {isa = PBXBuildFile; fileRef = 5985CA6329EFD831003E9616 /* Hangup.wav */; };
		5985CA6729EFD831003E9616 /* Alerting.wav in Resources */ = {isa = PBXBuildFile; fileRef = 5985CA6429EFD831003E9616 /* Alerting.wav */; };
		5985CA6829EFD831003E9616 /* Alerting.wav in Resources */ = {isa = PBXBuildFile; fileRef = 5985CA6429EFD831003E9616 /* Alerting.wav */; };
		5985CA8C29F156F8003E9616 /* MergeHistory.m in Sources */ = {isa = PBXBuildFile; fileRef = 5985CA8B29F156F8003E9616 /* MergeHistory.m */; };
		5985CA8F29F15A0E003E9616 /* HistoryProvider.m in Sources */ = {isa = PBXBuildFile; fileRef = 5985CA8E29F15A0E003E9616 /* HistoryProvider.m */; };
		5985CA9229F161E7003E9616 /* HistoryTableViewCell.m in Sources */ = {isa = PBXBuildFile; fileRef = 5985CA9129F161E6003E9616 /* HistoryTableViewCell.m */; };
		5985CA9729F227D6003E9616 /* libresolv.tbd in Frameworks */ = {isa = PBXBuildFile; fileRef = 5985CA9629F227CB003E9616 /* libresolv.tbd */; };
		5987172329DEE44A0023936C /* libc++.tbd in Frameworks */ = {isa = PBXBuildFile; fileRef = 5902AEF929D6AC0E00E41926 /* libc++.tbd */; };
		5987172429DEE44C0023936C /* libxml2.tbd in Frameworks */ = {isa = PBXBuildFile; fileRef = 5902AED529D6A8CF00E41926 /* libxml2.tbd */; };
		59BFACA32A5FFE2200843DA3 /* AdminTableViewController.m in Sources */ = {isa = PBXBuildFile; fileRef = 59BFACA22A5FFE2200843DA3 /* AdminTableViewController.m */; };
		59BFACA62A60024300843DA3 /* AdminTableViewCell.m in Sources */ = {isa = PBXBuildFile; fileRef = 59BFACA52A60024300843DA3 /* AdminTableViewCell.m */; };
		59BFACAE2A60EF0C00843DA3 /* ConfHistoryBuild.m in Sources */ = {isa = PBXBuildFile; fileRef = 59BFACAD2A60EF0C00843DA3 /* ConfHistoryBuild.m */; };
		59BFACB12A60F3F800843DA3 /* ConfCallTable.mm in Sources */ = {isa = PBXBuildFile; fileRef = 59BFACB02A60F3F800843DA3 /* ConfCallTable.mm */; };
		59C49EEB29F4BE4200164ECE /* MenuView.swift in Sources */ = {isa = PBXBuildFile; fileRef = 59C49EEA29F4BE4200164ECE /* MenuView.swift */; };
		59C49EEE29F5371A00164ECE /* YLSSDKData.swift in Sources */ = {isa = PBXBuildFile; fileRef = 59C49EED29F5371A00164ECE /* YLSSDKData.swift */; };
		59C49F1C29F650EB00164ECE /* incoming.wav in Resources */ = {isa = PBXBuildFile; fileRef = 59C49F1B29F650EB00164ECE /* incoming.wav */; };
		59C49F1F29F7618900164ECE /* MacCallProvider.m in Sources */ = {isa = PBXBuildFile; fileRef = 59C49F1E29F7618900164ECE /* MacCallProvider.m */; };
		59C49F2129F7728F00164ECE /* CallUIView.swift in Sources */ = {isa = PBXBuildFile; fileRef = 59C49F2029F7728F00164ECE /* CallUIView.swift */; };
		59C49F2329FA4D4700164ECE /* NSString+YLS.m in Sources */ = {isa = PBXBuildFile; fileRef = 5902A01D29D5887600E41926 /* NSString+YLS.m */; };
		59C9153E2A53B86100FCFCC0 /* MemberSelectViewController.m in Sources */ = {isa = PBXBuildFile; fileRef = 59C9153D2A53B86100FCFCC0 /* MemberSelectViewController.m */; };
		59C915412A541C8500FCFCC0 /* ConferenceBeginController.m in Sources */ = {isa = PBXBuildFile; fileRef = 59C915402A541C8500FCFCC0 /* ConferenceBeginController.m */; };
		59C915452A55118600FCFCC0 /* ConfTopView.m in Sources */ = {isa = PBXBuildFile; fileRef = 59C915442A55118600FCFCC0 /* ConfTopView.m */; };
		59C915482A5511AF00FCFCC0 /* ConfBottomView.m in Sources */ = {isa = PBXBuildFile; fileRef = 59C915472A5511AF00FCFCC0 /* ConfBottomView.m */; };
		59C9154B2A5511D300FCFCC0 /* ConfCenterViewCell.m in Sources */ = {isa = PBXBuildFile; fileRef = 59C9154A2A5511D300FCFCC0 /* ConfCenterViewCell.m */; };
		59C9157B2A5D54FF00FCFCC0 /* ConfListTableViewCell.m in Sources */ = {isa = PBXBuildFile; fileRef = 59C9157A2A5D54FF00FCFCC0 /* ConfListTableViewCell.m */; };
/* End PBXBuildFile section */

/* Begin PBXFileReference section */
		0C392DC629D56FB0006C8E6F /* LinkusDemoApp.swift */ = {isa = PBXFileReference; lastKnownFileType = sourcecode.swift; path = LinkusDemoApp.swift; sourceTree = "<group>"; };
		0C392DC729D56FB0006C8E6F /* ContentView.swift */ = {isa = PBXFileReference; lastKnownFileType = sourcecode.swift; path = ContentView.swift; sourceTree = "<group>"; };
		0C392DC829D56FB2006C8E6F /* Assets.xcassets */ = {isa = PBXFileReference; lastKnownFileType = folder.assetcatalog; path = Assets.xcassets; sourceTree = "<group>"; };
		0C392DCD29D56FB2006C8E6F /* LinkusDemo.app */ = {isa = PBXFileReference; explicitFileType = wrapper.application; includeInIndex = 0; path = LinkusDemo.app; sourceTree = BUILT_PRODUCTS_DIR; };
		0C392DD329D56FB2006C8E6F /* LinkusDemo.app */ = {isa = PBXFileReference; explicitFileType = wrapper.application; includeInIndex = 0; path = LinkusDemo.app; sourceTree = BUILT_PRODUCTS_DIR; };
		0C392DD529D56FB2006C8E6F /* macOS.entitlements */ = {isa = PBXFileReference; lastKnownFileType = text.plist.entitlements; path = macOS.entitlements; sourceTree = "<group>"; };
		30895D9E68FA529573BE55AA /* Pods-LinkusDemo (iOS).release.xcconfig */ = {isa = PBXFileReference; includeInIndex = 1; lastKnownFileType = text.xcconfig; name = "Pods-LinkusDemo (iOS).release.xcconfig"; path = "Target Support Files/Pods-LinkusDemo (iOS)/Pods-LinkusDemo (iOS).release.xcconfig"; sourceTree = "<group>"; };
		59029FC529D5838D00E41926 /* CalllogsViewController.m */ = {isa = PBXFileReference; fileEncoding = 4; lastKnownFileType = sourcecode.c.objc; path = CalllogsViewController.m; sourceTree = "<group>"; };
		59029FC629D5838D00E41926 /* CalllogsViewController.h */ = {isa = PBXFileReference; fileEncoding = 4; lastKnownFileType = sourcecode.c.h; path = CalllogsViewController.h; sourceTree = "<group>"; };
		59029FC829D5838D00E41926 /* DialpadViewCell.m */ = {isa = PBXFileReference; fileEncoding = 4; lastKnownFileType = sourcecode.c.objc; path = DialpadViewCell.m; sourceTree = "<group>"; };
		59029FC929D5838D00E41926 /* DialPadTextField.h */ = {isa = PBXFileReference; fileEncoding = 4; lastKnownFileType = sourcecode.c.h; path = DialPadTextField.h; sourceTree = "<group>"; };
		59029FCA29D5838D00E41926 /* DialpadCallView.h */ = {isa = PBXFileReference; fileEncoding = 4; lastKnownFileType = sourcecode.c.h; path = DialpadCallView.h; sourceTree = "<group>"; };
		59029FCB29D5838D00E41926 /* DialpadView.h */ = {isa = PBXFileReference; fileEncoding = 4; lastKnownFileType = sourcecode.c.h; path = DialpadView.h; sourceTree = "<group>"; };
		59029FCC29D5838D00E41926 /* DialpadViewCell.h */ = {isa = PBXFileReference; fileEncoding = 4; lastKnownFileType = sourcecode.c.h; path = DialpadViewCell.h; sourceTree = "<group>"; };
		59029FCD29D5838D00E41926 /* DialpadCallView.m */ = {isa = PBXFileReference; fileEncoding = 4; lastKnownFileType = sourcecode.c.objc; path = DialpadCallView.m; sourceTree = "<group>"; };
		59029FCE29D5838D00E41926 /* DialPadTextField.m */ = {isa = PBXFileReference; fileEncoding = 4; lastKnownFileType = sourcecode.c.objc; path = DialPadTextField.m; sourceTree = "<group>"; };
		59029FCF29D5838D00E41926 /* DialpadView.m */ = {isa = PBXFileReference; fileEncoding = 4; lastKnownFileType = sourcecode.c.objc; path = DialpadView.m; sourceTree = "<group>"; };
		59029FD029D5838D00E41926 /* AppDelegate.h */ = {isa = PBXFileReference; fileEncoding = 4; lastKnownFileType = sourcecode.c.h; path = AppDelegate.h; sourceTree = "<group>"; };
		59029FD229D5838D00E41926 /* Contact.m */ = {isa = PBXFileReference; fileEncoding = 4; lastKnownFileType = sourcecode.c.objc; path = Contact.m; sourceTree = "<group>"; };
		59029FD329D5838D00E41926 /* Contact.h */ = {isa = PBXFileReference; fileEncoding = 4; lastKnownFileType = sourcecode.c.h; path = Contact.h; sourceTree = "<group>"; };
		59029FD529D5838D00E41926 /* LoginViewController.m */ = {isa = PBXFileReference; fileEncoding = 4; lastKnownFileType = sourcecode.c.objc; path = LoginViewController.m; sourceTree = "<group>"; };
		59029FD629D5838D00E41926 /* YLSUnderlineTextField.m */ = {isa = PBXFileReference; fileEncoding = 4; lastKnownFileType = sourcecode.c.objc; path = YLSUnderlineTextField.m; sourceTree = "<group>"; };
		59029FD729D5838D00E41926 /* LoginViewController.h */ = {isa = PBXFileReference; fileEncoding = 4; lastKnownFileType = sourcecode.c.h; path = LoginViewController.h; sourceTree = "<group>"; };
		59029FD829D5838D00E41926 /* YLSUnderlineTextField.h */ = {isa = PBXFileReference; fileEncoding = 4; lastKnownFileType = sourcecode.c.h; path = YLSUnderlineTextField.h; sourceTree = "<group>"; };
		59029FD929D5838D00E41926 /* AppDelegate.m */ = {isa = PBXFileReference; fileEncoding = 4; lastKnownFileType = sourcecode.c.objc; path = AppDelegate.m; sourceTree = "<group>"; };
		59029FDC29D5838D00E41926 /* AudioRouteHandler.m */ = {isa = PBXFileReference; fileEncoding = 4; lastKnownFileType = sourcecode.c.objc; path = AudioRouteHandler.m; sourceTree = "<group>"; };
		59029FDD29D5838D00E41926 /* MenuPanModel.m */ = {isa = PBXFileReference; fileEncoding = 4; lastKnownFileType = sourcecode.c.objc; path = MenuPanModel.m; sourceTree = "<group>"; };
		59029FDE29D5838D00E41926 /* MenuPanViewCell.h */ = {isa = PBXFileReference; fileEncoding = 4; lastKnownFileType = sourcecode.c.h; path = MenuPanViewCell.h; sourceTree = "<group>"; };
		59029FDF29D5838D00E41926 /* PanHandler.h */ = {isa = PBXFileReference; fileEncoding = 4; lastKnownFileType = sourcecode.c.h; path = PanHandler.h; sourceTree = "<group>"; };
		59029FE029D5838E00E41926 /* MenuPanView.m */ = {isa = PBXFileReference; fileEncoding = 4; lastKnownFileType = sourcecode.c.objc; path = MenuPanView.m; sourceTree = "<group>"; };
		59029FE129D5838E00E41926 /* MenuPanModel.h */ = {isa = PBXFileReference; fileEncoding = 4; lastKnownFileType = sourcecode.c.h; path = MenuPanModel.h; sourceTree = "<group>"; };
		59029FE229D5838E00E41926 /* AudioRouteHandler.h */ = {isa = PBXFileReference; fileEncoding = 4; lastKnownFileType = sourcecode.c.h; path = AudioRouteHandler.h; sourceTree = "<group>"; };
		59029FE329D5838E00E41926 /* MenuPanView.h */ = {isa = PBXFileReference; fileEncoding = 4; lastKnownFileType = sourcecode.c.h; path = MenuPanView.h; sourceTree = "<group>"; };
		59029FE429D5838E00E41926 /* PanHandler.m */ = {isa = PBXFileReference; fileEncoding = 4; lastKnownFileType = sourcecode.c.objc; path = PanHandler.m; sourceTree = "<group>"; };
		59029FE529D5838E00E41926 /* MenuPanViewCell.m */ = {isa = PBXFileReference; fileEncoding = 4; lastKnownFileType = sourcecode.c.objc; path = MenuPanViewCell.m; sourceTree = "<group>"; };
		59029FE729D5838E00E41926 /* MarqueeView.h */ = {isa = PBXFileReference; fileEncoding = 4; lastKnownFileType = sourcecode.c.h; path = MarqueeView.h; sourceTree = "<group>"; };
		59029FE829D5838E00E41926 /* CallWaitingView.m */ = {isa = PBXFileReference; fileEncoding = 4; lastKnownFileType = sourcecode.c.objc; path = CallWaitingView.m; sourceTree = "<group>"; };
		59029FE929D5838E00E41926 /* CallMemberView.h */ = {isa = PBXFileReference; fileEncoding = 4; lastKnownFileType = sourcecode.c.h; path = CallMemberView.h; sourceTree = "<group>"; };
		59029FEA29D5838E00E41926 /* CallTransferView.m */ = {isa = PBXFileReference; fileEncoding = 4; lastKnownFileType = sourcecode.c.objc; path = CallTransferView.m; sourceTree = "<group>"; };
		59029FEB29D5838E00E41926 /* MarqueeView.m */ = {isa = PBXFileReference; fileEncoding = 4; lastKnownFileType = sourcecode.c.objc; path = MarqueeView.m; sourceTree = "<group>"; };
		59029FEC29D5838E00E41926 /* CallMemberView.m */ = {isa = PBXFileReference; fileEncoding = 4; lastKnownFileType = sourcecode.c.objc; path = CallMemberView.m; sourceTree = "<group>"; };
		59029FED29D5838E00E41926 /* CallWaitingView.h */ = {isa = PBXFileReference; fileEncoding = 4; lastKnownFileType = sourcecode.c.h; path = CallWaitingView.h; sourceTree = "<group>"; };
		59029FEE29D5838E00E41926 /* CallTransferView.h */ = {isa = PBXFileReference; fileEncoding = 4; lastKnownFileType = sourcecode.c.h; path = CallTransferView.h; sourceTree = "<group>"; };
		59029FEF29D5838E00E41926 /* CallProvider.h */ = {isa = PBXFileReference; fileEncoding = 4; lastKnownFileType = sourcecode.c.h; path = CallProvider.h; sourceTree = "<group>"; };
		59029FF029D5838E00E41926 /* CallViewController.h */ = {isa = PBXFileReference; fileEncoding = 4; lastKnownFileType = sourcecode.c.h; path = CallViewController.h; sourceTree = "<group>"; };
		59029FF229D5838E00E41926 /* DialKeypadViewCell.h */ = {isa = PBXFileReference; fileEncoding = 4; lastKnownFileType = sourcecode.c.h; path = DialKeypadViewCell.h; sourceTree = "<group>"; };
		59029FF329D5838E00E41926 /* DialKeypadView.h */ = {isa = PBXFileReference; fileEncoding = 4; lastKnownFileType = sourcecode.c.h; path = DialKeypadView.h; sourceTree = "<group>"; };
		59029FF429D5838E00E41926 /* DialKeypadViewCell.m */ = {isa = PBXFileReference; fileEncoding = 4; lastKnownFileType = sourcecode.c.objc; path = DialKeypadViewCell.m; sourceTree = "<group>"; };
		59029FF529D5838E00E41926 /* DialKeypadView.m */ = {isa = PBXFileReference; fileEncoding = 4; lastKnownFileType = sourcecode.c.objc; path = DialKeypadView.m; sourceTree = "<group>"; };
		59029FF629D5838E00E41926 /* CallProvider.m */ = {isa = PBXFileReference; fileEncoding = 4; lastKnownFileType = sourcecode.c.objc; path = CallProvider.m; sourceTree = "<group>"; };
		59029FF729D5838E00E41926 /* CallViewController.m */ = {isa = PBXFileReference; fileEncoding = 4; lastKnownFileType = sourcecode.c.objc; path = CallViewController.m; sourceTree = "<group>"; };
		5902A00E29D5849E00E41926 /* UIKit.framework */ = {isa = PBXFileReference; lastKnownFileType = wrapper.framework; name = UIKit.framework; path = Platforms/iPhoneOS.platform/Developer/SDKs/iPhoneOS16.2.sdk/System/Library/Frameworks/UIKit.framework; sourceTree = DEVELOPER_DIR; };
		5902A01029D584E100E41926 /* PrefixHeader.pch */ = {isa = PBXFileReference; lastKnownFileType = sourcecode.c.h; path = PrefixHeader.pch; sourceTree = "<group>"; };
		5902A01429D5887600E41926 /* UIImage+YLS.h */ = {isa = PBXFileReference; fileEncoding = 4; lastKnownFileType = sourcecode.c.h; path = "UIImage+YLS.h"; sourceTree = "<group>"; };
		5902A01529D5887600E41926 /* UIImage+YLS.m */ = {isa = PBXFileReference; fileEncoding = 4; lastKnownFileType = sourcecode.c.objc; path = "UIImage+YLS.m"; sourceTree = "<group>"; };
		5902A01729D5887600E41926 /* UIView+Alert.h */ = {isa = PBXFileReference; fileEncoding = 4; lastKnownFileType = sourcecode.c.h; path = "UIView+Alert.h"; sourceTree = "<group>"; };
		5902A01829D5887600E41926 /* UIView+Alert.m */ = {isa = PBXFileReference; fileEncoding = 4; lastKnownFileType = sourcecode.c.objc; path = "UIView+Alert.m"; sourceTree = "<group>"; };
		5902A01A29D5887600E41926 /* UIDevice+YLS.h */ = {isa = PBXFileReference; fileEncoding = 4; lastKnownFileType = sourcecode.c.h; path = "UIDevice+YLS.h"; sourceTree = "<group>"; };
		5902A01B29D5887600E41926 /* UIDevice+YLS.m */ = {isa = PBXFileReference; fileEncoding = 4; lastKnownFileType = sourcecode.c.objc; path = "UIDevice+YLS.m"; sourceTree = "<group>"; };
		5902A01D29D5887600E41926 /* NSString+YLS.m */ = {isa = PBXFileReference; fileEncoding = 4; lastKnownFileType = sourcecode.c.objc; path = "NSString+YLS.m"; sourceTree = "<group>"; };
		5902A01E29D5887600E41926 /* NSString+YLS.h */ = {isa = PBXFileReference; fileEncoding = 4; lastKnownFileType = sourcecode.c.h; path = "NSString+YLS.h"; sourceTree = "<group>"; };
		5902A02029D5887600E41926 /* UIViewController+Hierarchy.h */ = {isa = PBXFileReference; fileEncoding = 4; lastKnownFileType = sourcecode.c.h; path = "UIViewController+Hierarchy.h"; sourceTree = "<group>"; };
		5902A02129D5887600E41926 /* UIViewController+Hierarchy.m */ = {isa = PBXFileReference; fileEncoding = 4; lastKnownFileType = sourcecode.c.objc; path = "UIViewController+Hierarchy.m"; sourceTree = "<group>"; };
		5902A02329D5887600E41926 /* UITextField+YLS.h */ = {isa = PBXFileReference; fileEncoding = 4; lastKnownFileType = sourcecode.c.h; path = "UITextField+YLS.h"; sourceTree = "<group>"; };
		5902A02429D5887600E41926 /* UITextField+YLS.m */ = {isa = PBXFileReference; fileEncoding = 4; lastKnownFileType = sourcecode.c.objc; path = "UITextField+YLS.m"; sourceTree = "<group>"; };
		5902A02629D5887600E41926 /* QualityView.h */ = {isa = PBXFileReference; fileEncoding = 4; lastKnownFileType = sourcecode.c.h; path = QualityView.h; sourceTree = "<group>"; };
		5902A02729D5887600E41926 /* DefActionView.m */ = {isa = PBXFileReference; fileEncoding = 4; lastKnownFileType = sourcecode.c.objc; path = DefActionView.m; sourceTree = "<group>"; };
		5902A02829D5887600E41926 /* NotifyView.m */ = {isa = PBXFileReference; fileEncoding = 4; lastKnownFileType = sourcecode.c.objc; path = NotifyView.m; sourceTree = "<group>"; };
		5902A02929D5887600E41926 /* QualityView.m */ = {isa = PBXFileReference; fileEncoding = 4; lastKnownFileType = sourcecode.c.objc; path = QualityView.m; sourceTree = "<group>"; };
		5902A02A29D5887600E41926 /* NotifyView.h */ = {isa = PBXFileReference; fileEncoding = 4; lastKnownFileType = sourcecode.c.h; path = NotifyView.h; sourceTree = "<group>"; };
		5902A02B29D5887600E41926 /* DefActionView.h */ = {isa = PBXFileReference; fileEncoding = 4; lastKnownFileType = sourcecode.c.h; path = DefActionView.h; sourceTree = "<group>"; };
		5902A03629D589A800E41926 /* LocalFontConfig.h */ = {isa = PBXFileReference; fileEncoding = 4; lastKnownFileType = sourcecode.c.h; path = LocalFontConfig.h; sourceTree = "<group>"; };
		5902A03829D589A800E41926 /* LocalConfig.h */ = {isa = PBXFileReference; fileEncoding = 4; lastKnownFileType = sourcecode.c.h; path = LocalConfig.h; sourceTree = "<group>"; };
		5902A03A29D58A6D00E41926 /* LinkusDemo--iOS--Info.plist */ = {isa = PBXFileReference; lastKnownFileType = text.plist.xml; path = "LinkusDemo--iOS--Info.plist"; sourceTree = "<group>"; };
		5902A03B29D58C7500E41926 /* Storyboard.storyboard */ = {isa = PBXFileReference; lastKnownFileType = file.storyboard; path = Storyboard.storyboard; sourceTree = "<group>"; };
		5902AED529D6A8CF00E41926 /* libxml2.tbd */ = {isa = PBXFileReference; lastKnownFileType = "sourcecode.text-based-dylib-definition"; name = libxml2.tbd; path = Platforms/iPhoneOS.platform/Developer/SDKs/iPhoneOS16.2.sdk/usr/lib/libxml2.tbd; sourceTree = DEVELOPER_DIR; };
		5902AEF929D6AC0E00E41926 /* libc++.tbd */ = {isa = PBXFileReference; lastKnownFileType = "sourcecode.text-based-dylib-definition"; name = "libc++.tbd"; path = "Platforms/iPhoneOS.platform/Developer/SDKs/iPhoneOS16.2.sdk/usr/lib/libc++.tbd"; sourceTree = DEVELOPER_DIR; };
		592B35822A529303009CD7AA /* TabBarController.h */ = {isa = PBXFileReference; lastKnownFileType = sourcecode.c.h; path = TabBarController.h; sourceTree = "<group>"; };
		592B35832A529303009CD7AA /* TabBarController.m */ = {isa = PBXFileReference; lastKnownFileType = sourcecode.c.objc; path = TabBarController.m; sourceTree = "<group>"; };
		592B35862A529C26009CD7AA /* ConferenceListController.h */ = {isa = PBXFileReference; lastKnownFileType = sourcecode.c.h; path = ConferenceListController.h; sourceTree = "<group>"; };
		592B35872A529C26009CD7AA /* ConferenceListController.m */ = {isa = PBXFileReference; lastKnownFileType = sourcecode.c.objc; path = ConferenceListController.m; sourceTree = "<group>"; };
		592B35892A52B6EE009CD7AA /* ConferenceDetailsController.h */ = {isa = PBXFileReference; lastKnownFileType = sourcecode.c.h; path = ConferenceDetailsController.h; sourceTree = "<group>"; };
		592B358A2A52B6EE009CD7AA /* ConferenceDetailsController.m */ = {isa = PBXFileReference; lastKnownFileType = sourcecode.c.objc; path = ConferenceDetailsController.m; sourceTree = "<group>"; };
		592B358D2A52BABD009CD7AA /* ConfNameLabel.h */ = {isa = PBXFileReference; lastKnownFileType = sourcecode.c.h; path = ConfNameLabel.h; sourceTree = "<group>"; };
		592B358E2A52BABD009CD7AA /* ConfNameLabel.m */ = {isa = PBXFileReference; lastKnownFileType = sourcecode.c.objc; path = ConfNameLabel.m; sourceTree = "<group>"; };
		592B35902A52BB14009CD7AA /* ConfHeaderView.h */ = {isa = PBXFileReference; lastKnownFileType = sourcecode.c.h; path = ConfHeaderView.h; sourceTree = "<group>"; };
		592B35912A52BB14009CD7AA /* ConfHeaderView.m */ = {isa = PBXFileReference; lastKnownFileType = sourcecode.c.objc; path = ConfHeaderView.m; sourceTree = "<group>"; };
		592B35932A52BCF1009CD7AA /* ConfCollectionViewCell.h */ = {isa = PBXFileReference; lastKnownFileType = sourcecode.c.h; path = ConfCollectionViewCell.h; sourceTree = "<group>"; };
		592B35942A52BCF1009CD7AA /* ConfCollectionViewCell.m */ = {isa = PBXFileReference; lastKnownFileType = sourcecode.c.objc; path = ConfCollectionViewCell.m; sourceTree = "<group>"; };
		5937A8E529D576470089B0A2 /* LinkusDemo (iOS)-Bridging-Header.h */ = {isa = PBXFileReference; lastKnownFileType = sourcecode.c.h; path = "LinkusDemo (iOS)-Bridging-Header.h"; sourceTree = "<group>"; };
		5937A8EA29D577550089B0A2 /* main.m */ = {isa = PBXFileReference; fileEncoding = 4; lastKnownFileType = sourcecode.c.objc; path = main.m; sourceTree = "<group>"; };
		59438CA229E52E8500B4DAA7 /* libcurl.tbd */ = {isa = PBXFileReference; lastKnownFileType = "sourcecode.text-based-dylib-definition"; name = libcurl.tbd; path = usr/lib/libcurl.tbd; sourceTree = SDKROOT; };
		59438CF229E7D19700B4DAA7 /* LoginView.swift */ = {isa = PBXFileReference; fileEncoding = 4; lastKnownFileType = sourcecode.swift; path = LoginView.swift; sourceTree = "<group>"; };
		59438CF429E7D47300B4DAA7 /* LinkusDemo (macOS)-Bridging-Header.h */ = {isa = PBXFileReference; lastKnownFileType = sourcecode.c.h; path = "LinkusDemo (macOS)-Bridging-Header.h"; sourceTree = "<group>"; };
		5985CA3A29ECEC8A003E9616 /* LinkusDemo--macOS--Info.plist */ = {isa = PBXFileReference; lastKnownFileType = text.plist.xml; path = "LinkusDemo--macOS--Info.plist"; sourceTree = "<group>"; };
		5985CA6329EFD831003E9616 /* Hangup.wav */ = {isa = PBXFileReference; lastKnownFileType = audio.wav; path = Hangup.wav; sourceTree = "<group>"; };
		5985CA6429EFD831003E9616 /* Alerting.wav */ = {isa = PBXFileReference; lastKnownFileType = audio.wav; path = Alerting.wav; sourceTree = "<group>"; };
		5985CA8A29F156F8003E9616 /* MergeHistory.h */ = {isa = PBXFileReference; lastKnownFileType = sourcecode.c.h; path = MergeHistory.h; sourceTree = "<group>"; };
		5985CA8B29F156F8003E9616 /* MergeHistory.m */ = {isa = PBXFileReference; lastKnownFileType = sourcecode.c.objc; path = MergeHistory.m; sourceTree = "<group>"; };
		5985CA8D29F15A0E003E9616 /* HistoryProvider.h */ = {isa = PBXFileReference; lastKnownFileType = sourcecode.c.h; path = HistoryProvider.h; sourceTree = "<group>"; };
		5985CA8E29F15A0E003E9616 /* HistoryProvider.m */ = {isa = PBXFileReference; lastKnownFileType = sourcecode.c.objc; path = HistoryProvider.m; sourceTree = "<group>"; };
		5985CA9029F161E6003E9616 /* HistoryTableViewCell.h */ = {isa = PBXFileReference; fileEncoding = 4; lastKnownFileType = sourcecode.c.h; path = HistoryTableViewCell.h; sourceTree = "<group>"; };
		5985CA9129F161E6003E9616 /* HistoryTableViewCell.m */ = {isa = PBXFileReference; fileEncoding = 4; lastKnownFileType = sourcecode.c.objc; path = HistoryTableViewCell.m; sourceTree = "<group>"; };
		5985CA9629F227CB003E9616 /* libresolv.tbd */ = {isa = PBXFileReference; lastKnownFileType = "sourcecode.text-based-dylib-definition"; name = libresolv.tbd; path = Platforms/iPhoneOS.platform/Developer/SDKs/iPhoneOS16.4.sdk/usr/lib/libresolv.tbd; sourceTree = DEVELOPER_DIR; };
		59BFACA12A5FFE2200843DA3 /* AdminTableViewController.h */ = {isa = PBXFileReference; lastKnownFileType = sourcecode.c.h; path = AdminTableViewController.h; sourceTree = "<group>"; };
		59BFACA22A5FFE2200843DA3 /* AdminTableViewController.m */ = {isa = PBXFileReference; lastKnownFileType = sourcecode.c.objc; path = AdminTableViewController.m; sourceTree = "<group>"; };
		59BFACA42A60024300843DA3 /* AdminTableViewCell.h */ = {isa = PBXFileReference; lastKnownFileType = sourcecode.c.h; path = AdminTableViewCell.h; sourceTree = "<group>"; };
		59BFACA52A60024300843DA3 /* AdminTableViewCell.m */ = {isa = PBXFileReference; lastKnownFileType = sourcecode.c.objc; path = AdminTableViewCell.m; sourceTree = "<group>"; };
		59BFACAC2A60EF0C00843DA3 /* ConfHistoryBuild.h */ = {isa = PBXFileReference; lastKnownFileType = sourcecode.c.h; path = ConfHistoryBuild.h; sourceTree = "<group>"; };
		59BFACAD2A60EF0C00843DA3 /* ConfHistoryBuild.m */ = {isa = PBXFileReference; lastKnownFileType = sourcecode.c.objc; path = ConfHistoryBuild.m; sourceTree = "<group>"; };
		59BFACAF2A60F3F800843DA3 /* ConfCallTable.h */ = {isa = PBXFileReference; lastKnownFileType = sourcecode.c.h; path = ConfCallTable.h; sourceTree = "<group>"; };
		59BFACB02A60F3F800843DA3 /* ConfCallTable.mm */ = {isa = PBXFileReference; lastKnownFileType = sourcecode.cpp.objcpp; path = ConfCallTable.mm; sourceTree = "<group>"; };
		59BFACB22A64EF2F00843DA3 /* ConfCallTable+WCTTableCoding.h */ = {isa = PBXFileReference; fileEncoding = 4; lastKnownFileType = sourcecode.c.h; path = "ConfCallTable+WCTTableCoding.h"; sourceTree = "<group>"; };
		59C49EEA29F4BE4200164ECE /* MenuView.swift */ = {isa = PBXFileReference; lastKnownFileType = sourcecode.swift; path = MenuView.swift; sourceTree = "<group>"; };
		59C49EED29F5371A00164ECE /* YLSSDKData.swift */ = {isa = PBXFileReference; lastKnownFileType = sourcecode.swift; path = YLSSDKData.swift; sourceTree = "<group>"; };
		59C49F1B29F650EB00164ECE /* incoming.wav */ = {isa = PBXFileReference; lastKnownFileType = audio.wav; path = incoming.wav; sourceTree = "<group>"; };
		59C49F1D29F7618900164ECE /* MacCallProvider.h */ = {isa = PBXFileReference; lastKnownFileType = sourcecode.c.h; path = MacCallProvider.h; sourceTree = "<group>"; };
		59C49F1E29F7618900164ECE /* MacCallProvider.m */ = {isa = PBXFileReference; lastKnownFileType = sourcecode.c.objc; path = MacCallProvider.m; sourceTree = "<group>"; };
		59C49F2029F7728F00164ECE /* CallUIView.swift */ = {isa = PBXFileReference; lastKnownFileType = sourcecode.swift; path = CallUIView.swift; sourceTree = "<group>"; };
		59C9153C2A53B86100FCFCC0 /* MemberSelectViewController.h */ = {isa = PBXFileReference; lastKnownFileType = sourcecode.c.h; path = MemberSelectViewController.h; sourceTree = "<group>"; };
		59C9153D2A53B86100FCFCC0 /* MemberSelectViewController.m */ = {isa = PBXFileReference; lastKnownFileType = sourcecode.c.objc; path = MemberSelectViewController.m; sourceTree = "<group>"; };
		59C9153F2A541C8500FCFCC0 /* ConferenceBeginController.h */ = {isa = PBXFileReference; lastKnownFileType = sourcecode.c.h; path = ConferenceBeginController.h; sourceTree = "<group>"; };
		59C915402A541C8500FCFCC0 /* ConferenceBeginController.m */ = {isa = PBXFileReference; lastKnownFileType = sourcecode.c.objc; path = ConferenceBeginController.m; sourceTree = "<group>"; };
		59C915432A55118600FCFCC0 /* ConfTopView.h */ = {isa = PBXFileReference; lastKnownFileType = sourcecode.c.h; path = ConfTopView.h; sourceTree = "<group>"; };
		59C915442A55118600FCFCC0 /* ConfTopView.m */ = {isa = PBXFileReference; lastKnownFileType = sourcecode.c.objc; path = ConfTopView.m; sourceTree = "<group>"; };
		59C915462A5511AF00FCFCC0 /* ConfBottomView.h */ = {isa = PBXFileReference; lastKnownFileType = sourcecode.c.h; path = ConfBottomView.h; sourceTree = "<group>"; };
		59C915472A5511AF00FCFCC0 /* ConfBottomView.m */ = {isa = PBXFileReference; lastKnownFileType = sourcecode.c.objc; path = ConfBottomView.m; sourceTree = "<group>"; };
		59C915492A5511D300FCFCC0 /* ConfCenterViewCell.h */ = {isa = PBXFileReference; lastKnownFileType = sourcecode.c.h; path = ConfCenterViewCell.h; sourceTree = "<group>"; };
		59C9154A2A5511D300FCFCC0 /* ConfCenterViewCell.m */ = {isa = PBXFileReference; lastKnownFileType = sourcecode.c.objc; path = ConfCenterViewCell.m; sourceTree = "<group>"; };
		59C915792A5D54FF00FCFCC0 /* ConfListTableViewCell.h */ = {isa = PBXFileReference; lastKnownFileType = sourcecode.c.h; path = ConfListTableViewCell.h; sourceTree = "<group>"; };
		59C9157A2A5D54FF00FCFCC0 /* ConfListTableViewCell.m */ = {isa = PBXFileReference; lastKnownFileType = sourcecode.c.objc; path = ConfListTableViewCell.m; sourceTree = "<group>"; };
		59CA6AA72A089962003CDBAC /* LinkusDemo (iOS).entitlements */ = {isa = PBXFileReference; lastKnownFileType = text.plist.entitlements; path = "LinkusDemo (iOS).entitlements"; sourceTree = "<group>"; };
		AD72E61761B1A98137FC680E /* libPods-LinkusDemo (macOS).a */ = {isa = PBXFileReference; explicitFileType = archive.ar; includeInIndex = 0; path = "libPods-LinkusDemo (macOS).a"; sourceTree = BUILT_PRODUCTS_DIR; };
		BE84987F5ADF4132C57611C7 /* Pods-LinkusDemo (iOS).debug.xcconfig */ = {isa = PBXFileReference; includeInIndex = 1; lastKnownFileType = text.xcconfig; name = "Pods-LinkusDemo (iOS).debug.xcconfig"; path = "Target Support Files/Pods-LinkusDemo (iOS)/Pods-LinkusDemo (iOS).debug.xcconfig"; sourceTree = "<group>"; };
		C0BF24A44CB92E9892674375 /* Pods-LinkusDemo (macOS).debug.xcconfig */ = {isa = PBXFileReference; includeInIndex = 1; lastKnownFileType = text.xcconfig; name = "Pods-LinkusDemo (macOS).debug.xcconfig"; path = "Target Support Files/Pods-LinkusDemo (macOS)/Pods-LinkusDemo (macOS).debug.xcconfig"; sourceTree = "<group>"; };
		E86F75538AFC44F7A7582A41 /* libPods-LinkusDemo (iOS).a */ = {isa = PBXFileReference; explicitFileType = archive.ar; includeInIndex = 0; path = "libPods-LinkusDemo (iOS).a"; sourceTree = BUILT_PRODUCTS_DIR; };
		EFBF2DB72492FA955E3FA0FE /* Pods-LinkusDemo (macOS).release.xcconfig */ = {isa = PBXFileReference; includeInIndex = 1; lastKnownFileType = text.xcconfig; name = "Pods-LinkusDemo (macOS).release.xcconfig"; path = "Target Support Files/Pods-LinkusDemo (macOS)/Pods-LinkusDemo (macOS).release.xcconfig"; sourceTree = "<group>"; };
/* End PBXFileReference section */

/* Begin PBXFrameworksBuildPhase section */
		0C392DCA29D56FB2006C8E6F /* Frameworks */ = {
			isa = PBXFrameworksBuildPhase;
			buildActionMask = 2147483647;
			files = (
				5987172329DEE44A0023936C /* libc++.tbd in Frameworks */,
				5987172429DEE44C0023936C /* libxml2.tbd in Frameworks */,
				5985CA9729F227D6003E9616 /* libresolv.tbd in Frameworks */,
				5902A00F29D5849E00E41926 /* UIKit.framework in Frameworks */,
				2BE5155D5E10355681017F16 /* libPods-LinkusDemo (iOS).a in Frameworks */,
			);
			runOnlyForDeploymentPostprocessing = 0;
		};
		0C392DD029D56FB2006C8E6F /* Frameworks */ = {
			isa = PBXFrameworksBuildPhase;
			buildActionMask = 2147483647;
			files = (
				59438CA429E52ED200B4DAA7 /* libxml2.tbd in Frameworks */,
				59438CA329E52E9200B4DAA7 /* libcurl.tbd in Frameworks */,
				09E52C35BD828145EE22E620 /* libPods-LinkusDemo (macOS).a in Frameworks */,
			);
			runOnlyForDeploymentPostprocessing = 0;
		};
/* End PBXFrameworksBuildPhase section */

/* Begin PBXGroup section */
		0C392DC029D56FB0006C8E6F = {
			isa = PBXGroup;
			children = (
				5937A8E429D576030089B0A2 /* iOS */,
				0C392DD429D56FB2006C8E6F /* macOS */,
				5937A8E929D576B30089B0A2 /* Supporting Files */,
				5985CA6229EFD7D9003E9616 /* Resource */,
				0C392DCE29D56FB2006C8E6F /* Products */,
				5937A8EC29D5778F0089B0A2 /* Frameworks */,
				E354D6B2201469225EE7F4BA /* Pods */,
			);
			sourceTree = "<group>";
		};
		0C392DCE29D56FB2006C8E6F /* Products */ = {
			isa = PBXGroup;
			children = (
				0C392DCD29D56FB2006C8E6F /* LinkusDemo.app */,
				0C392DD329D56FB2006C8E6F /* LinkusDemo.app */,
			);
			name = Products;
			sourceTree = "<group>";
		};
		0C392DD429D56FB2006C8E6F /* macOS */ = {
			isa = PBXGroup;
			children = (
				0C392DC629D56FB0006C8E6F /* LinkusDemoApp.swift */,
				0C392DC729D56FB0006C8E6F /* ContentView.swift */,
				59438CF229E7D19700B4DAA7 /* LoginView.swift */,
				59C49EEA29F4BE4200164ECE /* MenuView.swift */,
				59C49F2029F7728F00164ECE /* CallUIView.swift */,
				59C49EED29F5371A00164ECE /* YLSSDKData.swift */,
				59C49F1D29F7618900164ECE /* MacCallProvider.h */,
				59C49F1E29F7618900164ECE /* MacCallProvider.m */,
				0C392DD529D56FB2006C8E6F /* macOS.entitlements */,
			);
			path = macOS;
			sourceTree = "<group>";
		};
		59029FC429D5838D00E41926 /* Calllogs */ = {
			isa = PBXGroup;
			children = (
				59029FC629D5838D00E41926 /* CalllogsViewController.h */,
				59029FC529D5838D00E41926 /* CalllogsViewController.m */,
				5985CA8929F1569D003E9616 /* History */,
				59029FC729D5838D00E41926 /* Dialpad */,
			);
			path = Calllogs;
			sourceTree = "<group>";
		};
		59029FC729D5838D00E41926 /* Dialpad */ = {
			isa = PBXGroup;
			children = (
				59029FCB29D5838D00E41926 /* DialpadView.h */,
				59029FCF29D5838D00E41926 /* DialpadView.m */,
				59029FCC29D5838D00E41926 /* DialpadViewCell.h */,
				59029FC829D5838D00E41926 /* DialpadViewCell.m */,
				59029FC929D5838D00E41926 /* DialPadTextField.h */,
				59029FCE29D5838D00E41926 /* DialPadTextField.m */,
				59029FCA29D5838D00E41926 /* DialpadCallView.h */,
				59029FCD29D5838D00E41926 /* DialpadCallView.m */,
			);
			path = Dialpad;
			sourceTree = "<group>";
		};
		59029FD129D5838D00E41926 /* Contact */ = {
			isa = PBXGroup;
			children = (
				59029FD329D5838D00E41926 /* Contact.h */,
				59029FD229D5838D00E41926 /* Contact.m */,
			);
			path = Contact;
			sourceTree = "<group>";
		};
		59029FD429D5838D00E41926 /* Login */ = {
			isa = PBXGroup;
			children = (
				59029FD729D5838D00E41926 /* LoginViewController.h */,
				59029FD529D5838D00E41926 /* LoginViewController.m */,
				59029FD829D5838D00E41926 /* YLSUnderlineTextField.h */,
				59029FD629D5838D00E41926 /* YLSUnderlineTextField.m */,
			);
			path = Login;
			sourceTree = "<group>";
		};
		59029FDA29D5838D00E41926 /* Call */ = {
			isa = PBXGroup;
			children = (
				59029FEF29D5838E00E41926 /* CallProvider.h */,
				59029FF629D5838E00E41926 /* CallProvider.m */,
				59029FF029D5838E00E41926 /* CallViewController.h */,
				59029FF729D5838E00E41926 /* CallViewController.m */,
				59029FE629D5838E00E41926 /* CallMemberView */,
				59029FF129D5838E00E41926 /* DialkeypadView */,
				59029FDB29D5838D00E41926 /* MenuPanView */,
				59BFACA02A5FFDF600843DA3 /* MultiCall */,
			);
			path = Call;
			sourceTree = "<group>";
		};
		59029FDB29D5838D00E41926 /* MenuPanView */ = {
			isa = PBXGroup;
			children = (
				59029FE329D5838E00E41926 /* MenuPanView.h */,
				59029FE029D5838E00E41926 /* MenuPanView.m */,
				59029FE129D5838E00E41926 /* MenuPanModel.h */,
				59029FDD29D5838D00E41926 /* MenuPanModel.m */,
				59029FDE29D5838D00E41926 /* MenuPanViewCell.h */,
				59029FE529D5838E00E41926 /* MenuPanViewCell.m */,
				59029FE229D5838E00E41926 /* AudioRouteHandler.h */,
				59029FDC29D5838D00E41926 /* AudioRouteHandler.m */,
				59029FDF29D5838D00E41926 /* PanHandler.h */,
				59029FE429D5838E00E41926 /* PanHandler.m */,
			);
			path = MenuPanView;
			sourceTree = "<group>";
		};
		59029FE629D5838E00E41926 /* CallMemberView */ = {
			isa = PBXGroup;
			children = (
				59029FE929D5838E00E41926 /* CallMemberView.h */,
				59029FEC29D5838E00E41926 /* CallMemberView.m */,
				59029FEE29D5838E00E41926 /* CallTransferView.h */,
				59029FEA29D5838E00E41926 /* CallTransferView.m */,
				59029FED29D5838E00E41926 /* CallWaitingView.h */,
				59029FE829D5838E00E41926 /* CallWaitingView.m */,
				59029FE729D5838E00E41926 /* MarqueeView.h */,
				59029FEB29D5838E00E41926 /* MarqueeView.m */,
			);
			path = CallMemberView;
			sourceTree = "<group>";
		};
		59029FF129D5838E00E41926 /* DialkeypadView */ = {
			isa = PBXGroup;
			children = (
				59029FF329D5838E00E41926 /* DialKeypadView.h */,
				59029FF529D5838E00E41926 /* DialKeypadView.m */,
				59029FF229D5838E00E41926 /* DialKeypadViewCell.h */,
				59029FF429D5838E00E41926 /* DialKeypadViewCell.m */,
			);
			path = DialkeypadView;
			sourceTree = "<group>";
		};
		5902A01129D5884700E41926 /* Expand */ = {
			isa = PBXGroup;
			children = (
				5902A02529D5887600E41926 /* CustomControls */,
				5902A01229D5887600E41926 /* Category */,
			);
			path = Expand;
			sourceTree = "<group>";
		};
		5902A01229D5887600E41926 /* Category */ = {
			isa = PBXGroup;
			children = (
				5902A01329D5887600E41926 /* UIImage */,
				5902A01629D5887600E41926 /* Alert */,
				5902A01929D5887600E41926 /* UIDevice */,
				5902A01C29D5887600E41926 /* NSString */,
				5902A01F29D5887600E41926 /* UIViewController */,
				5902A02229D5887600E41926 /* UITextField */,
			);
			path = Category;
			sourceTree = "<group>";
		};
		5902A01329D5887600E41926 /* UIImage */ = {
			isa = PBXGroup;
			children = (
				5902A01429D5887600E41926 /* UIImage+YLS.h */,
				5902A01529D5887600E41926 /* UIImage+YLS.m */,
			);
			path = UIImage;
			sourceTree = "<group>";
		};
		5902A01629D5887600E41926 /* Alert */ = {
			isa = PBXGroup;
			children = (
				5902A01729D5887600E41926 /* UIView+Alert.h */,
				5902A01829D5887600E41926 /* UIView+Alert.m */,
			);
			path = Alert;
			sourceTree = "<group>";
		};
		5902A01929D5887600E41926 /* UIDevice */ = {
			isa = PBXGroup;
			children = (
				5902A01A29D5887600E41926 /* UIDevice+YLS.h */,
				5902A01B29D5887600E41926 /* UIDevice+YLS.m */,
			);
			path = UIDevice;
			sourceTree = "<group>";
		};
		5902A01C29D5887600E41926 /* NSString */ = {
			isa = PBXGroup;
			children = (
				5902A01E29D5887600E41926 /* NSString+YLS.h */,
				5902A01D29D5887600E41926 /* NSString+YLS.m */,
			);
			path = NSString;
			sourceTree = "<group>";
		};
		5902A01F29D5887600E41926 /* UIViewController */ = {
			isa = PBXGroup;
			children = (
				5902A02029D5887600E41926 /* UIViewController+Hierarchy.h */,
				5902A02129D5887600E41926 /* UIViewController+Hierarchy.m */,
			);
			path = UIViewController;
			sourceTree = "<group>";
		};
		5902A02229D5887600E41926 /* UITextField */ = {
			isa = PBXGroup;
			children = (
				5902A02329D5887600E41926 /* UITextField+YLS.h */,
				5902A02429D5887600E41926 /* UITextField+YLS.m */,
			);
			path = UITextField;
			sourceTree = "<group>";
		};
		5902A02529D5887600E41926 /* CustomControls */ = {
			isa = PBXGroup;
			children = (
				5902A02B29D5887600E41926 /* DefActionView.h */,
				5902A02729D5887600E41926 /* DefActionView.m */,
				5902A02A29D5887600E41926 /* NotifyView.h */,
				5902A02829D5887600E41926 /* NotifyView.m */,
				5902A02629D5887600E41926 /* QualityView.h */,
				5902A02929D5887600E41926 /* QualityView.m */,
			);
			path = CustomControls;
			sourceTree = "<group>";
		};
		5902A03529D589A800E41926 /* Config */ = {
			isa = PBXGroup;
			children = (
				5902A03829D589A800E41926 /* LocalConfig.h */,
				5902A03629D589A800E41926 /* LocalFontConfig.h */,
			);
			path = Config;
			sourceTree = "<group>";
		};
		592B35812A5279D1009CD7AA /* Modules */ = {
			isa = PBXGroup;
			children = (
				592B35822A529303009CD7AA /* TabBarController.h */,
				592B35832A529303009CD7AA /* TabBarController.m */,
				59029FD429D5838D00E41926 /* Login */,
				59029FC429D5838D00E41926 /* Calllogs */,
				59029FDA29D5838D00E41926 /* Call */,
				592B35852A529BA4009CD7AA /* Conference */,
				59029FD129D5838D00E41926 /* Contact */,
			);
			path = Modules;
			sourceTree = "<group>";
		};
		592B35852A529BA4009CD7AA /* Conference */ = {
			isa = PBXGroup;
			children = (
				592B35862A529C26009CD7AA /* ConferenceListController.h */,
				592B35872A529C26009CD7AA /* ConferenceListController.m */,
				592B35892A52B6EE009CD7AA /* ConferenceDetailsController.h */,
				592B358A2A52B6EE009CD7AA /* ConferenceDetailsController.m */,
				59C9153F2A541C8500FCFCC0 /* ConferenceBeginController.h */,
				59C915402A541C8500FCFCC0 /* ConferenceBeginController.m */,
				59C9153C2A53B86100FCFCC0 /* MemberSelectViewController.h */,
				59C9153D2A53B86100FCFCC0 /* MemberSelectViewController.m */,
				59BFACAB2A60EE4500843DA3 /* History */,
				592B358C2A52B903009CD7AA /* DetailView */,
				59C915422A55115000FCFCC0 /* BeginView */,
			);
			path = Conference;
			sourceTree = "<group>";
		};
		592B358C2A52B903009CD7AA /* DetailView */ = {
			isa = PBXGroup;
			children = (
				592B358D2A52BABD009CD7AA /* ConfNameLabel.h */,
				592B358E2A52BABD009CD7AA /* ConfNameLabel.m */,
				592B35902A52BB14009CD7AA /* ConfHeaderView.h */,
				592B35912A52BB14009CD7AA /* ConfHeaderView.m */,
				592B35932A52BCF1009CD7AA /* ConfCollectionViewCell.h */,
				592B35942A52BCF1009CD7AA /* ConfCollectionViewCell.m */,
				59C915792A5D54FF00FCFCC0 /* ConfListTableViewCell.h */,
				59C9157A2A5D54FF00FCFCC0 /* ConfListTableViewCell.m */,
			);
			path = DetailView;
			sourceTree = "<group>";
		};
		5937A8E429D576030089B0A2 /* iOS */ = {
			isa = PBXGroup;
			children = (
				59029FD029D5838D00E41926 /* AppDelegate.h */,
				59029FD929D5838D00E41926 /* AppDelegate.m */,
				5902A03529D589A800E41926 /* Config */,
				592B35812A5279D1009CD7AA /* Modules */,
				5902A01129D5884700E41926 /* Expand */,
			);
			path = iOS;
			sourceTree = "<group>";
		};
		5937A8E929D576B30089B0A2 /* Supporting Files */ = {
			isa = PBXGroup;
			children = (
				59CA6AA72A089962003CDBAC /* LinkusDemo (iOS).entitlements */,
				5985CA3A29ECEC8A003E9616 /* LinkusDemo--macOS--Info.plist */,
				5902A03A29D58A6D00E41926 /* LinkusDemo--iOS--Info.plist */,
				5937A8EA29D577550089B0A2 /* main.m */,
				5902A03B29D58C7500E41926 /* Storyboard.storyboard */,
				5902A01029D584E100E41926 /* PrefixHeader.pch */,
				59438CF429E7D47300B4DAA7 /* LinkusDemo (macOS)-Bridging-Header.h */,
				5937A8E529D576470089B0A2 /* LinkusDemo (iOS)-Bridging-Header.h */,
			);
			path = "Supporting Files";
			sourceTree = "<group>";
		};
		5937A8EC29D5778F0089B0A2 /* Frameworks */ = {
			isa = PBXGroup;
			children = (
				5985CA9629F227CB003E9616 /* libresolv.tbd */,
				59438CA229E52E8500B4DAA7 /* libcurl.tbd */,
				5902AEF929D6AC0E00E41926 /* libc++.tbd */,
				5902AED529D6A8CF00E41926 /* libxml2.tbd */,
				5902A00E29D5849E00E41926 /* UIKit.framework */,
				E86F75538AFC44F7A7582A41 /* libPods-LinkusDemo (iOS).a */,
				AD72E61761B1A98137FC680E /* libPods-LinkusDemo (macOS).a */,
			);
			name = Frameworks;
			sourceTree = "<group>";
		};
		5985CA6229EFD7D9003E9616 /* Resource */ = {
			isa = PBXGroup;
			children = (
				0C392DC829D56FB2006C8E6F /* Assets.xcassets */,
				59C49F1B29F650EB00164ECE /* incoming.wav */,
				5985CA6429EFD831003E9616 /* Alerting.wav */,
				5985CA6329EFD831003E9616 /* Hangup.wav */,
			);
			path = Resource;
			sourceTree = "<group>";
		};
		5985CA8929F1569D003E9616 /* History */ = {
			isa = PBXGroup;
			children = (
				5985CA8A29F156F8003E9616 /* MergeHistory.h */,
				5985CA8B29F156F8003E9616 /* MergeHistory.m */,
				5985CA8D29F15A0E003E9616 /* HistoryProvider.h */,
				5985CA8E29F15A0E003E9616 /* HistoryProvider.m */,
				5985CA9029F161E6003E9616 /* HistoryTableViewCell.h */,
				5985CA9129F161E6003E9616 /* HistoryTableViewCell.m */,
			);
			path = History;
			sourceTree = "<group>";
		};
		59BFACA02A5FFDF600843DA3 /* MultiCall */ = {
			isa = PBXGroup;
			children = (
				59BFACA12A5FFE2200843DA3 /* AdminTableViewController.h */,
				59BFACA22A5FFE2200843DA3 /* AdminTableViewController.m */,
				59BFACA42A60024300843DA3 /* AdminTableViewCell.h */,
				59BFACA52A60024300843DA3 /* AdminTableViewCell.m */,
			);
			path = MultiCall;
			sourceTree = "<group>";
		};
		59BFACAB2A60EE4500843DA3 /* History */ = {
			isa = PBXGroup;
			children = (
				59BFACAF2A60F3F800843DA3 /* ConfCallTable.h */,
				59BFACB02A60F3F800843DA3 /* ConfCallTable.mm */,
				59BFACB22A64EF2F00843DA3 /* ConfCallTable+WCTTableCoding.h */,
				59BFACAC2A60EF0C00843DA3 /* ConfHistoryBuild.h */,
				59BFACAD2A60EF0C00843DA3 /* ConfHistoryBuild.m */,
			);
			path = History;
			sourceTree = "<group>";
		};
		59C915422A55115000FCFCC0 /* BeginView */ = {
			isa = PBXGroup;
			children = (
				59C915432A55118600FCFCC0 /* ConfTopView.h */,
				59C915442A55118600FCFCC0 /* ConfTopView.m */,
				59C915492A5511D300FCFCC0 /* ConfCenterViewCell.h */,
				59C9154A2A5511D300FCFCC0 /* ConfCenterViewCell.m */,
				59C915462A5511AF00FCFCC0 /* ConfBottomView.h */,
				59C915472A5511AF00FCFCC0 /* ConfBottomView.m */,
			);
			path = BeginView;
			sourceTree = "<group>";
		};
		E354D6B2201469225EE7F4BA /* Pods */ = {
			isa = PBXGroup;
			children = (
				BE84987F5ADF4132C57611C7 /* Pods-LinkusDemo (iOS).debug.xcconfig */,
				30895D9E68FA529573BE55AA /* Pods-LinkusDemo (iOS).release.xcconfig */,
				C0BF24A44CB92E9892674375 /* Pods-LinkusDemo (macOS).debug.xcconfig */,
				EFBF2DB72492FA955E3FA0FE /* Pods-LinkusDemo (macOS).release.xcconfig */,
			);
			path = Pods;
			sourceTree = "<group>";
		};
/* End PBXGroup section */

/* Begin PBXNativeTarget section */
		0C392DCC29D56FB2006C8E6F /* LinkusDemo (iOS) */ = {
			isa = PBXNativeTarget;
			buildConfigurationList = 0C392DDE29D56FB2006C8E6F /* Build configuration list for PBXNativeTarget "LinkusDemo (iOS)" */;
			buildPhases = (
				E4EE8D82E4F88BB8284724FD /* [CP] Check Pods Manifest.lock */,
				0C392DC929D56FB2006C8E6F /* Sources */,
				0C392DCA29D56FB2006C8E6F /* Frameworks */,
				0C392DCB29D56FB2006C8E6F /* Resources */,
				D6C8E3CB57F55C9C17E61D26 /* [CP] Copy Pods Resources */,
			);
			buildRules = (
			);
			dependencies = (
			);
			name = "LinkusDemo (iOS)";
			productName = "LinkusDemo (iOS)";
			productReference = 0C392DCD29D56FB2006C8E6F /* LinkusDemo.app */;
			productType = "com.apple.product-type.application";
		};
		0C392DD229D56FB2006C8E6F /* LinkusDemo (macOS) */ = {
			isa = PBXNativeTarget;
			buildConfigurationList = 0C392DE129D56FB2006C8E6F /* Build configuration list for PBXNativeTarget "LinkusDemo (macOS)" */;
			buildPhases = (
				A66BC7336A7398EECA1F1631 /* [CP] Check Pods Manifest.lock */,
				0C392DCF29D56FB2006C8E6F /* Sources */,
				0C392DD029D56FB2006C8E6F /* Frameworks */,
				0C392DD129D56FB2006C8E6F /* Resources */,
			);
			buildRules = (
			);
			dependencies = (
			);
			name = "LinkusDemo (macOS)";
			productName = "LinkusDemo (macOS)";
			productReference = 0C392DD329D56FB2006C8E6F /* LinkusDemo.app */;
			productType = "com.apple.product-type.application";
		};
/* End PBXNativeTarget section */

/* Begin PBXProject section */
		0C392DC129D56FB0006C8E6F /* Project object */ = {
			isa = PBXProject;
			attributes = {
				BuildIndependentTargetsInParallel = 1;
				LastSwiftUpdateCheck = 1340;
				LastUpgradeCheck = 1340;
				TargetAttributes = {
					0C392DCC29D56FB2006C8E6F = {
						CreatedOnToolsVersion = 13.4.1;
						LastSwiftMigration = 1420;
					};
					0C392DD229D56FB2006C8E6F = {
						CreatedOnToolsVersion = 13.4.1;
						LastSwiftMigration = 1430;
					};
				};
			};
			buildConfigurationList = 0C392DC429D56FB0006C8E6F /* Build configuration list for PBXProject "LinkusDemo" */;
			compatibilityVersion = "Xcode 13.0";
			developmentRegion = en;
			hasScannedForEncodings = 0;
			knownRegions = (
				en,
				Base,
			);
			mainGroup = 0C392DC029D56FB0006C8E6F;
			productRefGroup = 0C392DCE29D56FB2006C8E6F /* Products */;
			projectDirPath = "";
			projectRoot = "";
			targets = (
				0C392DCC29D56FB2006C8E6F /* LinkusDemo (iOS) */,
				0C392DD229D56FB2006C8E6F /* LinkusDemo (macOS) */,
			);
		};
/* End PBXProject section */

/* Begin PBXResourcesBuildPhase section */
		0C392DCB29D56FB2006C8E6F /* Resources */ = {
			isa = PBXResourcesBuildPhase;
			buildActionMask = 2147483647;
			files = (
				5985CA6529EFD831003E9616 /* Hangup.wav in Resources */,
				0C392DDA29D56FB2006C8E6F /* Assets.xcassets in Resources */,
				5985CA6729EFD831003E9616 /* Alerting.wav in Resources */,
				5902A03C29D58C7500E41926 /* Storyboard.storyboard in Resources */,
			);
			runOnlyForDeploymentPostprocessing = 0;
		};
		0C392DD129D56FB2006C8E6F /* Resources */ = {
			isa = PBXResourcesBuildPhase;
			buildActionMask = 2147483647;
			files = (
				59C49F1C29F650EB00164ECE /* incoming.wav in Resources */,
				5985CA6829EFD831003E9616 /* Alerting.wav in Resources */,
				0C392DDB29D56FB2006C8E6F /* Assets.xcassets in Resources */,
				5985CA6629EFD831003E9616 /* Hangup.wav in Resources */,
			);
			runOnlyForDeploymentPostprocessing = 0;
		};
/* End PBXResourcesBuildPhase section */

/* Begin PBXShellScriptBuildPhase section */
		A66BC7336A7398EECA1F1631 /* [CP] Check Pods Manifest.lock */ = {
			isa = PBXShellScriptBuildPhase;
			buildActionMask = 2147483647;
			files = (
			);
			inputFileListPaths = (
			);
			inputPaths = (
				"${PODS_PODFILE_DIR_PATH}/Podfile.lock",
				"${PODS_ROOT}/Manifest.lock",
			);
			name = "[CP] Check Pods Manifest.lock";
			outputFileListPaths = (
			);
			outputPaths = (
				"$(DERIVED_FILE_DIR)/Pods-LinkusDemo (macOS)-checkManifestLockResult.txt",
			);
			runOnlyForDeploymentPostprocessing = 0;
			shellPath = /bin/sh;
			shellScript = "diff \"${PODS_PODFILE_DIR_PATH}/Podfile.lock\" \"${PODS_ROOT}/Manifest.lock\" > /dev/null\nif [ $? != 0 ] ; then\n    # print error to STDERR\n    echo \"error: The sandbox is not in sync with the Podfile.lock. Run 'pod install' or update your CocoaPods installation.\" >&2\n    exit 1\nfi\n# This output is used by Xcode 'outputs' to avoid re-running this script phase.\necho \"SUCCESS\" > \"${SCRIPT_OUTPUT_FILE_0}\"\n";
			showEnvVarsInLog = 0;
		};
		D6C8E3CB57F55C9C17E61D26 /* [CP] Copy Pods Resources */ = {
			isa = PBXShellScriptBuildPhase;
			buildActionMask = 2147483647;
			files = (
			);
			inputFileListPaths = (
				"${PODS_ROOT}/Target Support Files/Pods-LinkusDemo (iOS)/Pods-LinkusDemo (iOS)-resources-${CONFIGURATION}-input-files.xcfilelist",
			);
			name = "[CP] Copy Pods Resources";
			outputFileListPaths = (
				"${PODS_ROOT}/Target Support Files/Pods-LinkusDemo (iOS)/Pods-LinkusDemo (iOS)-resources-${CONFIGURATION}-output-files.xcfilelist",
			);
			runOnlyForDeploymentPostprocessing = 0;
			shellPath = /bin/sh;
			shellScript = "\"${PODS_ROOT}/Target Support Files/Pods-LinkusDemo (iOS)/Pods-LinkusDemo (iOS)-resources.sh\"\n";
			showEnvVarsInLog = 0;
		};
		E4EE8D82E4F88BB8284724FD /* [CP] Check Pods Manifest.lock */ = {
			isa = PBXShellScriptBuildPhase;
			buildActionMask = 2147483647;
			files = (
			);
			inputFileListPaths = (
			);
			inputPaths = (
				"${PODS_PODFILE_DIR_PATH}/Podfile.lock",
				"${PODS_ROOT}/Manifest.lock",
			);
			name = "[CP] Check Pods Manifest.lock";
			outputFileListPaths = (
			);
			outputPaths = (
				"$(DERIVED_FILE_DIR)/Pods-LinkusDemo (iOS)-checkManifestLockResult.txt",
			);
			runOnlyForDeploymentPostprocessing = 0;
			shellPath = /bin/sh;
			shellScript = "diff \"${PODS_PODFILE_DIR_PATH}/Podfile.lock\" \"${PODS_ROOT}/Manifest.lock\" > /dev/null\nif [ $? != 0 ] ; then\n    # print error to STDERR\n    echo \"error: The sandbox is not in sync with the Podfile.lock. Run 'pod install' or update your CocoaPods installation.\" >&2\n    exit 1\nfi\n# This output is used by Xcode 'outputs' to avoid re-running this script phase.\necho \"SUCCESS\" > \"${SCRIPT_OUTPUT_FILE_0}\"\n";
			showEnvVarsInLog = 0;
		};
/* End PBXShellScriptBuildPhase section */

/* Begin PBXSourcesBuildPhase section */
		0C392DC929D56FB2006C8E6F /* Sources */ = {
			isa = PBXSourcesBuildPhase;
			buildActionMask = 2147483647;
			files = (
				59C9157B2A5D54FF00FCFCC0 /* ConfListTableViewCell.m in Sources */,
				592B358B2A52B6EE009CD7AA /* ConferenceDetailsController.m in Sources */,
				592B35882A529C26009CD7AA /* ConferenceListController.m in Sources */,
				59BFACAE2A60EF0C00843DA3 /* ConfHistoryBuild.m in Sources */,
				5902A03129D5887600E41926 /* UITextField+YLS.m in Sources */,
				59029FFE29D5838E00E41926 /* LoginViewController.m in Sources */,
				5902A00B29D5838E00E41926 /* DialKeypadView.m in Sources */,
				59029FFC29D5838E00E41926 /* DialpadView.m in Sources */,
				59C915482A5511AF00FCFCC0 /* ConfBottomView.m in Sources */,
				5902A02D29D5887600E41926 /* UIView+Alert.m in Sources */,
				5902A02E29D5887600E41926 /* UIDevice+YLS.m in Sources */,
				59C9154B2A5511D300FCFCC0 /* ConfCenterViewCell.m in Sources */,
				5985CA8C29F156F8003E9616 /* MergeHistory.m in Sources */,
				5902A00D29D5838E00E41926 /* CallViewController.m in Sources */,
				5902A00A29D5838E00E41926 /* DialKeypadViewCell.m in Sources */,
				5902A03229D5887600E41926 /* DefActionView.m in Sources */,
				5902A00229D5838E00E41926 /* MenuPanModel.m in Sources */,
				5902A00929D5838E00E41926 /* CallMemberView.m in Sources */,
				5902A00829D5838E00E41926 /* MarqueeView.m in Sources */,
				5902A03429D5887600E41926 /* QualityView.m in Sources */,
				5902A03029D5887600E41926 /* UIViewController+Hierarchy.m in Sources */,
				5902A00329D5838E00E41926 /* MenuPanView.m in Sources */,
				5902A02F29D5887600E41926 /* NSString+YLS.m in Sources */,
				5985CA8F29F15A0E003E9616 /* HistoryProvider.m in Sources */,
				59C9153E2A53B86100FCFCC0 /* MemberSelectViewController.m in Sources */,
				5937A8EB29D577550089B0A2 /* main.m in Sources */,
				59029FF929D5838E00E41926 /* DialpadViewCell.m in Sources */,
				5902A00629D5838E00E41926 /* CallWaitingView.m in Sources */,
				59BFACA62A60024300843DA3 /* AdminTableViewCell.m in Sources */,
				592B358F2A52BABD009CD7AA /* ConfNameLabel.m in Sources */,
				592B35842A529303009CD7AA /* TabBarController.m in Sources */,
				5902A02C29D5887600E41926 /* UIImage+YLS.m in Sources */,
				5902A00429D5838E00E41926 /* PanHandler.m in Sources */,
				5902A00729D5838E00E41926 /* CallTransferView.m in Sources */,
				5902A00029D5838E00E41926 /* AppDelegate.m in Sources */,
				5985CA9229F161E7003E9616 /* HistoryTableViewCell.m in Sources */,
				5902A00129D5838E00E41926 /* AudioRouteHandler.m in Sources */,
				59C915452A55118600FCFCC0 /* ConfTopView.m in Sources */,
				59029FFA29D5838E00E41926 /* DialpadCallView.m in Sources */,
				59BFACA32A5FFE2200843DA3 /* AdminTableViewController.m in Sources */,
				59029FFD29D5838E00E41926 /* Contact.m in Sources */,
				59029FFB29D5838E00E41926 /* DialPadTextField.m in Sources */,
				59BFACB12A60F3F800843DA3 /* ConfCallTable.mm in Sources */,
				5902A03329D5887600E41926 /* NotifyView.m in Sources */,
				5902A00C29D5838E00E41926 /* CallProvider.m in Sources */,
				59029FFF29D5838E00E41926 /* YLSUnderlineTextField.m in Sources */,
				592B35922A52BB14009CD7AA /* ConfHeaderView.m in Sources */,
				592B35952A52BCF1009CD7AA /* ConfCollectionViewCell.m in Sources */,
				59C915412A541C8500FCFCC0 /* ConferenceBeginController.m in Sources */,
				59029FF829D5838E00E41926 /* CalllogsViewController.m in Sources */,
				5902A00529D5838E00E41926 /* MenuPanViewCell.m in Sources */,
			);
			runOnlyForDeploymentPostprocessing = 0;
		};
		0C392DCF29D56FB2006C8E6F /* Sources */ = {
			isa = PBXSourcesBuildPhase;
			buildActionMask = 2147483647;
			files = (
				59C49F2129F7728F00164ECE /* CallUIView.swift in Sources */,
				59C49F1F29F7618900164ECE /* MacCallProvider.m in Sources */,
				59438CF329E7D19700B4DAA7 /* LoginView.swift in Sources */,
				59C49EEB29F4BE4200164ECE /* MenuView.swift in Sources */,
				59C49F2329FA4D4700164ECE /* NSString+YLS.m in Sources */,
				59C49EEE29F5371A00164ECE /* YLSSDKData.swift in Sources */,
				0C392DD929D56FB2006C8E6F /* ContentView.swift in Sources */,
				0C392DD729D56FB2006C8E6F /* LinkusDemoApp.swift in Sources */,
			);
			runOnlyForDeploymentPostprocessing = 0;
		};
/* End PBXSourcesBuildPhase section */

/* Begin XCBuildConfiguration section */
		0C392DDC29D56FB2006C8E6F /* Debug */ = {
			isa = XCBuildConfiguration;
			buildSettings = {
				ALWAYS_SEARCH_USER_PATHS = NO;
				CLANG_ANALYZER_NONNULL = YES;
				CLANG_ANALYZER_NUMBER_OBJECT_CONVERSION = YES_AGGRESSIVE;
				CLANG_CXX_LANGUAGE_STANDARD = "gnu++17";
				CLANG_ENABLE_MODULES = YES;
				CLANG_ENABLE_OBJC_ARC = YES;
				CLANG_ENABLE_OBJC_WEAK = YES;
				CLANG_WARN_BLOCK_CAPTURE_AUTORELEASING = YES;
				CLANG_WARN_BOOL_CONVERSION = YES;
				CLANG_WARN_COMMA = YES;
				CLANG_WARN_CONSTANT_CONVERSION = YES;
				CLANG_WARN_DEPRECATED_OBJC_IMPLEMENTATIONS = YES;
				CLANG_WARN_DIRECT_OBJC_ISA_USAGE = YES_ERROR;
				CLANG_WARN_DOCUMENTATION_COMMENTS = YES;
				CLANG_WARN_EMPTY_BODY = YES;
				CLANG_WARN_ENUM_CONVERSION = YES;
				CLANG_WARN_INFINITE_RECURSION = YES;
				CLANG_WARN_INT_CONVERSION = YES;
				CLANG_WARN_NON_LITERAL_NULL_CONVERSION = YES;
				CLANG_WARN_OBJC_IMPLICIT_RETAIN_SELF = YES;
				CLANG_WARN_OBJC_LITERAL_CONVERSION = YES;
				CLANG_WARN_OBJC_ROOT_CLASS = YES_ERROR;
				CLANG_WARN_QUOTED_INCLUDE_IN_FRAMEWORK_HEADER = YES;
				CLANG_WARN_RANGE_LOOP_ANALYSIS = YES;
				CLANG_WARN_STRICT_PROTOTYPES = YES;
				CLANG_WARN_SUSPICIOUS_MOVE = YES;
				CLANG_WARN_UNGUARDED_AVAILABILITY = YES_AGGRESSIVE;
				CLANG_WARN_UNREACHABLE_CODE = YES;
				CLANG_WARN__DUPLICATE_METHOD_MATCH = YES;
				COPY_PHASE_STRIP = NO;
				DEBUG_INFORMATION_FORMAT = dwarf;
				ENABLE_STRICT_OBJC_MSGSEND = YES;
				ENABLE_TESTABILITY = YES;
				GCC_C_LANGUAGE_STANDARD = gnu11;
				GCC_DYNAMIC_NO_PIC = NO;
				GCC_NO_COMMON_BLOCKS = YES;
				GCC_OPTIMIZATION_LEVEL = 0;
				GCC_PREPROCESSOR_DEFINITIONS = (
					"DEBUG=1",
					"$(inherited)",
				);
				GCC_WARN_64_TO_32_BIT_CONVERSION = YES;
				GCC_WARN_ABOUT_RETURN_TYPE = YES_ERROR;
				GCC_WARN_UNDECLARED_SELECTOR = YES;
				GCC_WARN_UNINITIALIZED_AUTOS = YES_AGGRESSIVE;
				GCC_WARN_UNUSED_FUNCTION = YES;
				GCC_WARN_UNUSED_VARIABLE = YES;
				MTL_ENABLE_DEBUG_INFO = INCLUDE_SOURCE;
				MTL_FAST_MATH = YES;
				ONLY_ACTIVE_ARCH = YES;
				SWIFT_ACTIVE_COMPILATION_CONDITIONS = DEBUG;
				SWIFT_OPTIMIZATION_LEVEL = "-Onone";
			};
			name = Debug;
		};
		0C392DDD29D56FB2006C8E6F /* Release */ = {
			isa = XCBuildConfiguration;
			buildSettings = {
				ALWAYS_SEARCH_USER_PATHS = NO;
				CLANG_ANALYZER_NONNULL = YES;
				CLANG_ANALYZER_NUMBER_OBJECT_CONVERSION = YES_AGGRESSIVE;
				CLANG_CXX_LANGUAGE_STANDARD = "gnu++17";
				CLANG_ENABLE_MODULES = YES;
				CLANG_ENABLE_OBJC_ARC = YES;
				CLANG_ENABLE_OBJC_WEAK = YES;
				CLANG_WARN_BLOCK_CAPTURE_AUTORELEASING = YES;
				CLANG_WARN_BOOL_CONVERSION = YES;
				CLANG_WARN_COMMA = YES;
				CLANG_WARN_CONSTANT_CONVERSION = YES;
				CLANG_WARN_DEPRECATED_OBJC_IMPLEMENTATIONS = YES;
				CLANG_WARN_DIRECT_OBJC_ISA_USAGE = YES_ERROR;
				CLANG_WARN_DOCUMENTATION_COMMENTS = YES;
				CLANG_WARN_EMPTY_BODY = YES;
				CLANG_WARN_ENUM_CONVERSION = YES;
				CLANG_WARN_INFINITE_RECURSION = YES;
				CLANG_WARN_INT_CONVERSION = YES;
				CLANG_WARN_NON_LITERAL_NULL_CONVERSION = YES;
				CLANG_WARN_OBJC_IMPLICIT_RETAIN_SELF = YES;
				CLANG_WARN_OBJC_LITERAL_CONVERSION = YES;
				CLANG_WARN_OBJC_ROOT_CLASS = YES_ERROR;
				CLANG_WARN_QUOTED_INCLUDE_IN_FRAMEWORK_HEADER = YES;
				CLANG_WARN_RANGE_LOOP_ANALYSIS = YES;
				CLANG_WARN_STRICT_PROTOTYPES = YES;
				CLANG_WARN_SUSPICIOUS_MOVE = YES;
				CLANG_WARN_UNGUARDED_AVAILABILITY = YES_AGGRESSIVE;
				CLANG_WARN_UNREACHABLE_CODE = YES;
				CLANG_WARN__DUPLICATE_METHOD_MATCH = YES;
				COPY_PHASE_STRIP = NO;
				DEBUG_INFORMATION_FORMAT = "dwarf-with-dsym";
				ENABLE_NS_ASSERTIONS = NO;
				ENABLE_STRICT_OBJC_MSGSEND = YES;
				GCC_C_LANGUAGE_STANDARD = gnu11;
				GCC_NO_COMMON_BLOCKS = YES;
				GCC_WARN_64_TO_32_BIT_CONVERSION = YES;
				GCC_WARN_ABOUT_RETURN_TYPE = YES_ERROR;
				GCC_WARN_UNDECLARED_SELECTOR = YES;
				GCC_WARN_UNINITIALIZED_AUTOS = YES_AGGRESSIVE;
				GCC_WARN_UNUSED_FUNCTION = YES;
				GCC_WARN_UNUSED_VARIABLE = YES;
				MTL_ENABLE_DEBUG_INFO = NO;
				MTL_FAST_MATH = YES;
				SWIFT_COMPILATION_MODE = wholemodule;
				SWIFT_OPTIMIZATION_LEVEL = "-O";
			};
			name = Release;
		};
		0C392DDF29D56FB2006C8E6F /* Debug */ = {
			isa = XCBuildConfiguration;
			baseConfigurationReference = BE84987F5ADF4132C57611C7 /* Pods-LinkusDemo (iOS).debug.xcconfig */;
			buildSettings = {
				ASSETCATALOG_COMPILER_APPICON_NAME = AppIcon;
				ASSETCATALOG_COMPILER_GLOBAL_ACCENT_COLOR_NAME = AccentColor;
				CLANG_ENABLE_MODULES = YES;
				CODE_SIGN_ENTITLEMENTS = "Supporting Files/LinkusDemo (iOS).entitlements";
				"CODE_SIGN_IDENTITY[sdk=iphoneos*]" = "iPhone Developer";
				CODE_SIGN_STYLE = Manual;
				CURRENT_PROJECT_VERSION = 1;
				DEVELOPMENT_TEAM = "";
				"DEVELOPMENT_TEAM[sdk=iphoneos*]" = E5BHZ9VK49;
				ENABLE_PREVIEWS = YES;
				EXCLUDED_ARCHS = "";
				FRAMEWORK_SEARCH_PATHS = "$(inherited)";
				GCC_PRECOMPILE_PREFIX_HEADER = YES;
				GCC_PREFIX_HEADER = "$(PROJECT_DIR)/Supporting Files/PrefixHeader.pch";
				GENERATE_INFOPLIST_FILE = YES;
				INFOPLIST_FILE = "Supporting Files/LinkusDemo--iOS--Info.plist";
				INFOPLIST_KEY_NSMicrophoneUsageDescription = "Used to open Microphone";
				INFOPLIST_KEY_UIApplicationSupportsIndirectInputEvents = YES;
				INFOPLIST_KEY_UILaunchScreen_Generation = YES;
				INFOPLIST_KEY_UILaunchStoryboardName = Storyboard.storyboard;
				INFOPLIST_KEY_UISupportedInterfaceOrientations_iPad = "UIInterfaceOrientationPortrait UIInterfaceOrientationPortraitUpsideDown UIInterfaceOrientationLandscapeLeft UIInterfaceOrientationLandscapeRight";
				INFOPLIST_KEY_UISupportedInterfaceOrientations_iPhone = "UIInterfaceOrientationPortrait UIInterfaceOrientationLandscapeLeft UIInterfaceOrientationLandscapeRight";
				IPHONEOS_DEPLOYMENT_TARGET = 11.0;
				LD_RUNPATH_SEARCH_PATHS = (
					"$(inherited)",
					"@executable_path/Frameworks",
				);
				LIBRARY_SEARCH_PATHS = "$(inherited)";
				MARKETING_VERSION = 1.1;
				PRODUCT_BUNDLE_IDENTIFIER = com.yeastar.LinkusPush;
				PRODUCT_NAME = LinkusDemo;
				PROVISIONING_PROFILE_SPECIFIER = "";
				"PROVISIONING_PROFILE_SPECIFIER[sdk=iphoneos*]" = com.yeastar.LinkusPush.dev;
				SDKROOT = iphoneos;
				SWIFT_EMIT_LOC_STRINGS = YES;
				SWIFT_OBJC_BRIDGING_HEADER = "Supporting Files/LinkusDemo (iOS)-Bridging-Header.h";
				SWIFT_OPTIMIZATION_LEVEL = "-Onone";
				SWIFT_VERSION = 5.0;
				TARGETED_DEVICE_FAMILY = "1,2";
			};
			name = Debug;
		};
		0C392DE029D56FB2006C8E6F /* Release */ = {
			isa = XCBuildConfiguration;
			baseConfigurationReference = 30895D9E68FA529573BE55AA /* Pods-LinkusDemo (iOS).release.xcconfig */;
			buildSettings = {
				ASSETCATALOG_COMPILER_APPICON_NAME = AppIcon;
				ASSETCATALOG_COMPILER_GLOBAL_ACCENT_COLOR_NAME = AccentColor;
				CLANG_ENABLE_MODULES = YES;
				CODE_SIGN_ENTITLEMENTS = "Supporting Files/LinkusDemo (iOS).entitlements";
				"CODE_SIGN_IDENTITY[sdk=iphoneos*]" = "iPhone Distribution";
				CODE_SIGN_STYLE = Manual;
				CURRENT_PROJECT_VERSION = 1;
				DEVELOPMENT_TEAM = "";
				"DEVELOPMENT_TEAM[sdk=iphoneos*]" = E5BHZ9VK49;
				ENABLE_PREVIEWS = YES;
				EXCLUDED_ARCHS = "";
				FRAMEWORK_SEARCH_PATHS = "$(inherited)";
				GCC_PRECOMPILE_PREFIX_HEADER = YES;
				GCC_PREFIX_HEADER = "$(PROJECT_DIR)/Supporting Files/PrefixHeader.pch";
				GENERATE_INFOPLIST_FILE = YES;
				INFOPLIST_FILE = "Supporting Files/LinkusDemo--iOS--Info.plist";
				INFOPLIST_KEY_NSMicrophoneUsageDescription = "Used to open Microphone";
				INFOPLIST_KEY_UIApplicationSupportsIndirectInputEvents = YES;
				INFOPLIST_KEY_UILaunchScreen_Generation = YES;
				INFOPLIST_KEY_UILaunchStoryboardName = Storyboard.storyboard;
				INFOPLIST_KEY_UISupportedInterfaceOrientations_iPad = "UIInterfaceOrientationPortrait UIInterfaceOrientationPortraitUpsideDown UIInterfaceOrientationLandscapeLeft UIInterfaceOrientationLandscapeRight";
				INFOPLIST_KEY_UISupportedInterfaceOrientations_iPhone = "UIInterfaceOrientationPortrait UIInterfaceOrientationLandscapeLeft UIInterfaceOrientationLandscapeRight";
				IPHONEOS_DEPLOYMENT_TARGET = 11.0;
				LD_RUNPATH_SEARCH_PATHS = (
					"$(inherited)",
					"@executable_path/Frameworks",
				);
				LIBRARY_SEARCH_PATHS = "$(inherited)";
				MARKETING_VERSION = 1.1;
				PRODUCT_BUNDLE_IDENTIFIER = com.yeastar.LinkusPush;
				PRODUCT_NAME = LinkusDemo;
				PROVISIONING_PROFILE_SPECIFIER = "";
				"PROVISIONING_PROFILE_SPECIFIER[sdk=iphoneos*]" = comyeastarLinkusPushAdhoc;
				SDKROOT = iphoneos;
				SWIFT_EMIT_LOC_STRINGS = YES;
				SWIFT_OBJC_BRIDGING_HEADER = "Supporting Files/LinkusDemo (iOS)-Bridging-Header.h";
				SWIFT_VERSION = 5.0;
				TARGETED_DEVICE_FAMILY = "1,2";
				VALIDATE_PRODUCT = YES;
			};
			name = Release;
		};
		0C392DE229D56FB2006C8E6F /* Debug */ = {
			isa = XCBuildConfiguration;
			baseConfigurationReference = C0BF24A44CB92E9892674375 /* Pods-LinkusDemo (macOS).debug.xcconfig */;
			buildSettings = {
				ASSETCATALOG_COMPILER_APPICON_NAME = AppIcon;
				ASSETCATALOG_COMPILER_GLOBAL_ACCENT_COLOR_NAME = AccentColor;
				CLANG_ENABLE_MODULES = YES;
				CODE_SIGN_ENTITLEMENTS = macOS/macOS.entitlements;
				"CODE_SIGN_IDENTITY[sdk=macosx*]" = "Mac Developer";
				CODE_SIGN_STYLE = Manual;
				COMBINE_HIDPI_IMAGES = YES;
				CURRENT_PROJECT_VERSION = 1;
				DEVELOPMENT_TEAM = "";
				"DEVELOPMENT_TEAM[sdk=macosx*]" = E5BHZ9VK49;
				ENABLE_HARDENED_RUNTIME = YES;
				ENABLE_PREVIEWS = YES;
				GCC_PRECOMPILE_PREFIX_HEADER = NO;
				GCC_PREFIX_HEADER = "";
				GENERATE_INFOPLIST_FILE = YES;
				INFOPLIST_FILE = "Supporting Files/LinkusDemo--macOS--Info.plist";
				INFOPLIST_KEY_NSHumanReadableCopyright = "";
				INFOPLIST_KEY_NSMicrophoneUsageDescription = "Used to open Microphone";
				LD_RUNPATH_SEARCH_PATHS = (
					"$(inherited)",
					"@executable_path/../Frameworks",
				);
				MACOSX_DEPLOYMENT_TARGET = 12.1;
				MARKETING_VERSION = 1.0;
				PRODUCT_BUNDLE_IDENTIFIER = com.yeastar.LinkusPush;
				PRODUCT_NAME = LinkusDemo;
				PROVISIONING_PROFILE_SPECIFIER = "";
				"PROVISIONING_PROFILE_SPECIFIER[sdk=macosx*]" = MacOS;
				SDKROOT = macosx;
				SWIFT_EMIT_LOC_STRINGS = YES;
				SWIFT_OBJC_BRIDGING_HEADER = "Supporting Files/LinkusDemo (macOS)-Bridging-Header.h";
				SWIFT_OPTIMIZATION_LEVEL = "-Onone";
				SWIFT_VERSION = 5.0;
			};
			name = Debug;
		};
		0C392DE329D56FB2006C8E6F /* Release */ = {
			isa = XCBuildConfiguration;
			baseConfigurationReference = EFBF2DB72492FA955E3FA0FE /* Pods-LinkusDemo (macOS).release.xcconfig */;
			buildSettings = {
				ASSETCATALOG_COMPILER_APPICON_NAME = AppIcon;
				ASSETCATALOG_COMPILER_GLOBAL_ACCENT_COLOR_NAME = AccentColor;
				CLANG_ENABLE_MODULES = YES;
				CODE_SIGN_ENTITLEMENTS = macOS/macOS.entitlements;
				"CODE_SIGN_IDENTITY[sdk=macosx*]" = "Mac Developer";
				CODE_SIGN_STYLE = Manual;
				COMBINE_HIDPI_IMAGES = YES;
				CURRENT_PROJECT_VERSION = 1;
				DEVELOPMENT_TEAM = "";
				"DEVELOPMENT_TEAM[sdk=macosx*]" = E5BHZ9VK49;
				ENABLE_HARDENED_RUNTIME = YES;
				ENABLE_PREVIEWS = YES;
				GCC_PRECOMPILE_PREFIX_HEADER = NO;
				GCC_PREFIX_HEADER = "";
				GENERATE_INFOPLIST_FILE = YES;
				INFOPLIST_FILE = "Supporting Files/LinkusDemo--macOS--Info.plist";
				INFOPLIST_KEY_NSHumanReadableCopyright = "";
				INFOPLIST_KEY_NSMicrophoneUsageDescription = "Used to open Microphone";
				LD_RUNPATH_SEARCH_PATHS = (
					"$(inherited)",
					"@executable_path/../Frameworks",
				);
				MACOSX_DEPLOYMENT_TARGET = 12.1;
				MARKETING_VERSION = 1.0;
				PRODUCT_BUNDLE_IDENTIFIER = com.yeastar.LinkusPush;
				PRODUCT_NAME = LinkusDemo;
				PROVISIONING_PROFILE_SPECIFIER = "";
				"PROVISIONING_PROFILE_SPECIFIER[sdk=macosx*]" = MacOS;
				SDKROOT = macosx;
				SWIFT_EMIT_LOC_STRINGS = YES;
				SWIFT_OBJC_BRIDGING_HEADER = "Supporting Files/LinkusDemo (macOS)-Bridging-Header.h";
				SWIFT_VERSION = 5.0;
			};
			name = Release;
		};
/* End XCBuildConfiguration section */

/* Begin XCConfigurationList section */
		0C392DC429D56FB0006C8E6F /* Build configuration list for PBXProject "LinkusDemo" */ = {
			isa = XCConfigurationList;
			buildConfigurations = (
				0C392DDC29D56FB2006C8E6F /* Debug */,
				0C392DDD29D56FB2006C8E6F /* Release */,
			);
			defaultConfigurationIsVisible = 0;
			defaultConfigurationName = Release;
		};
		0C392DDE29D56FB2006C8E6F /* Build configuration list for PBXNativeTarget "LinkusDemo (iOS)" */ = {
			isa = XCConfigurationList;
			buildConfigurations = (
				0C392DDF29D56FB2006C8E6F /* Debug */,
				0C392DE029D56FB2006C8E6F /* Release */,
			);
			defaultConfigurationIsVisible = 0;
			defaultConfigurationName = Release;
		};
		0C392DE129D56FB2006C8E6F /* Build configuration list for PBXNativeTarget "LinkusDemo (macOS)" */ = {
			isa = XCConfigurationList;
			buildConfigurations = (
				0C392DE229D56FB2006C8E6F /* Debug */,
				0C392DE329D56FB2006C8E6F /* Release */,
			);
			defaultConfigurationIsVisible = 0;
			defaultConfigurationName = Release;
		};
/* End XCConfigurationList section */
	};
	rootObject = 0C392DC129D56FB0006C8E6F /* Project object */;
}
